// !$*UTF8*$!
{
	archiveVersion = 1;
	classes = {
	};
	objectVersion = 46;
	objects = {

/* Begin PBXBuildFile section */
		501F2B3115098C6C0099C9C3 /* 0_shadow_t.png in Resources */ = {isa = PBXBuildFile; fileRef = 501F2B2F15098C6C0099C9C3 /* 0_shadow_t.png */; };
		501F2B3215098C6C0099C9C3 /* 0_shadow_t@2x.png in Resources */ = {isa = PBXBuildFile; fileRef = 501F2B3015098C6C0099C9C3 /* 0_shadow_t@2x.png */; };
		501F2B3D150995DE0099C9C3 /* RCTableView.m in Sources */ = {isa = PBXBuildFile; fileRef = 501F2B3C150995DE0099C9C3 /* RCTableView.m */; };
		50221BA414EF6CB800C7AF58 /* CoreText.framework in Frameworks */ = {isa = PBXBuildFile; fileRef = 50221BA314EF6CB800C7AF58 /* CoreText.framework */; };
		502F0E1C15156EFE0019CA24 /* 0_chatcell_7.png in Resources */ = {isa = PBXBuildFile; fileRef = 502F0E1815156EFE0019CA24 /* 0_chatcell_7.png */; };
		502F0E1D15156EFE0019CA24 /* 0_chatcell_7@2x.png in Resources */ = {isa = PBXBuildFile; fileRef = 502F0E1915156EFE0019CA24 /* 0_chatcell_7@2x.png */; };
		502F0E1E15156EFE0019CA24 /* 0_chatcell_8.png in Resources */ = {isa = PBXBuildFile; fileRef = 502F0E1A15156EFE0019CA24 /* 0_chatcell_8.png */; };
		502F0E1F15156EFE0019CA24 /* 0_chatcell_8@2x.png in Resources */ = {isa = PBXBuildFile; fileRef = 502F0E1B15156EFE0019CA24 /* 0_chatcell_8@2x.png */; };
		502F0E231515732E0019CA24 /* Icon.png in Resources */ = {isa = PBXBuildFile; fileRef = 502F0E211515732E0019CA24 /* Icon.png */; };
		502F0E241515732E0019CA24 /* Icon@2x.png in Resources */ = {isa = PBXBuildFile; fileRef = 502F0E221515732E0019CA24 /* Icon@2x.png */; };
		502F0E2B151577F70019CA24 /* 0_chatcell_9@2x.png in Resources */ = {isa = PBXBuildFile; fileRef = 502F0E29151577F70019CA24 /* 0_chatcell_9@2x.png */; };
		502F0E2C151577F70019CA24 /* 0_chatcell_9.png in Resources */ = {isa = PBXBuildFile; fileRef = 502F0E2A151577F70019CA24 /* 0_chatcell_9.png */; };
		502F0E41151588390019CA24 /* 0_@_user.png in Resources */ = {isa = PBXBuildFile; fileRef = 502F0E37151588390019CA24 /* 0_@_user.png */; };
		502F0E42151588390019CA24 /* 0_@_user@2x.png in Resources */ = {isa = PBXBuildFile; fileRef = 502F0E38151588390019CA24 /* 0_@_user@2x.png */; };
		502F0E43151588390019CA24 /* 0_&_user.png in Resources */ = {isa = PBXBuildFile; fileRef = 502F0E39151588390019CA24 /* 0_&_user.png */; };
		502F0E44151588390019CA24 /* 0_&_user@2x.png in Resources */ = {isa = PBXBuildFile; fileRef = 502F0E3A151588390019CA24 /* 0_&_user@2x.png */; };
		502F0E45151588390019CA24 /* 0_%_user.png in Resources */ = {isa = PBXBuildFile; fileRef = 502F0E3B151588390019CA24 /* 0_%_user.png */; };
		502F0E46151588390019CA24 /* 0_%_user@2x.png in Resources */ = {isa = PBXBuildFile; fileRef = 502F0E3C151588390019CA24 /* 0_%_user@2x.png */; };
		502F0E47151588390019CA24 /* 0_+_user.png in Resources */ = {isa = PBXBuildFile; fileRef = 502F0E3D151588390019CA24 /* 0_+_user.png */; };
		502F0E48151588390019CA24 /* 0_+_user@2x.png in Resources */ = {isa = PBXBuildFile; fileRef = 502F0E3E151588390019CA24 /* 0_+_user@2x.png */; };
		502F0E49151588390019CA24 /* 0_~_user.png in Resources */ = {isa = PBXBuildFile; fileRef = 502F0E3F151588390019CA24 /* 0_~_user.png */; };
		502F0E4A151588390019CA24 /* 0_~_user@2x.png in Resources */ = {isa = PBXBuildFile; fileRef = 502F0E40151588390019CA24 /* 0_~_user@2x.png */; };
		5030501C1521389B002AAA44 /* 0_chatcell_10.png in Resources */ = {isa = PBXBuildFile; fileRef = 503050161521389B002AAA44 /* 0_chatcell_10.png */; };
		5030501D1521389B002AAA44 /* 0_chatcell_10@2x.png in Resources */ = {isa = PBXBuildFile; fileRef = 503050171521389B002AAA44 /* 0_chatcell_10@2x.png */; };
		5030501E1521389B002AAA44 /* 0_chatcell_11.png in Resources */ = {isa = PBXBuildFile; fileRef = 503050181521389B002AAA44 /* 0_chatcell_11.png */; };
		5030501F1521389B002AAA44 /* 0_chatcell_11@2x.png in Resources */ = {isa = PBXBuildFile; fileRef = 503050191521389B002AAA44 /* 0_chatcell_11@2x.png */; };
		503050201521389B002AAA44 /* 0_chatcell_12.png in Resources */ = {isa = PBXBuildFile; fileRef = 5030501A1521389B002AAA44 /* 0_chatcell_12.png */; };
		503050211521389B002AAA44 /* 0_chatcell_12@2x.png in Resources */ = {isa = PBXBuildFile; fileRef = 5030501B1521389B002AAA44 /* 0_chatcell_12@2x.png */; };
		503399AE150590D7004C4D28 /* libTestFlight.a in Frameworks */ = {isa = PBXBuildFile; fileRef = 503399AC15057D0D004C4D28 /* libTestFlight.a */; };
		503742291511478300F4DA1A /* RCUserListPanel.m in Sources */ = {isa = PBXBuildFile; fileRef = 503742281511478300F4DA1A /* RCUserListPanel.m */; };
		503790FA1512BD4100EE2A7E /* RCUserTableCell.m in Sources */ = {isa = PBXBuildFile; fileRef = 503790F91512BD4100EE2A7E /* RCUserTableCell.m */; };
		50381AC21519803100BE93CE /* 0_cancelbutton_normal.png in Resources */ = {isa = PBXBuildFile; fileRef = 50381AAC1519802E00BE93CE /* 0_cancelbutton_normal.png */; };
		50381AC31519803100BE93CE /* 0_cancelbutton_normal@2x.png in Resources */ = {isa = PBXBuildFile; fileRef = 50381AAD1519802F00BE93CE /* 0_cancelbutton_normal@2x.png */; };
		50381AC61519803100BE93CE /* 0_donebutton_disabled.png in Resources */ = {isa = PBXBuildFile; fileRef = 50381AB01519802F00BE93CE /* 0_donebutton_disabled.png */; };
		50381AC71519803100BE93CE /* 0_donebutton_disabled@2x.png in Resources */ = {isa = PBXBuildFile; fileRef = 50381AB11519803000BE93CE /* 0_donebutton_disabled@2x.png */; };
		50381AC81519803100BE93CE /* 0_donebutton_normal.png in Resources */ = {isa = PBXBuildFile; fileRef = 50381AB21519803000BE93CE /* 0_donebutton_normal.png */; };
		50381AC91519803100BE93CE /* 0_donebutton_normal@2x.png in Resources */ = {isa = PBXBuildFile; fileRef = 50381AB31519803000BE93CE /* 0_donebutton_normal@2x.png */; };
		50381ACC1519803100BE93CE /* 0_toggleind_normal.png in Resources */ = {isa = PBXBuildFile; fileRef = 50381AB61519803000BE93CE /* 0_toggleind_normal.png */; };
		50381ACD1519803100BE93CE /* 0_toggleind_normal@2x.png in Resources */ = {isa = PBXBuildFile; fileRef = 50381AB71519803000BE93CE /* 0_toggleind_normal@2x.png */; };
		50381ACE1519803100BE93CE /* 0_toggleind_pressed.png in Resources */ = {isa = PBXBuildFile; fileRef = 50381AB81519803000BE93CE /* 0_toggleind_pressed.png */; };
		50381ACF1519803100BE93CE /* 0_toggleind_pressed@2x.png in Resources */ = {isa = PBXBuildFile; fileRef = 50381AB91519803000BE93CE /* 0_toggleind_pressed@2x.png */; };
		50381AD01519803100BE93CE /* 0_toggleoff.png in Resources */ = {isa = PBXBuildFile; fileRef = 50381ABA1519803100BE93CE /* 0_toggleoff.png */; };
		50381AD11519803100BE93CE /* 0_toggleoff@2x.png in Resources */ = {isa = PBXBuildFile; fileRef = 50381ABB1519803100BE93CE /* 0_toggleoff@2x.png */; };
		50381AD21519803100BE93CE /* 0_toggleon.png in Resources */ = {isa = PBXBuildFile; fileRef = 50381ABC1519803100BE93CE /* 0_toggleon.png */; };
		50381AD31519803100BE93CE /* 0_toggleon@2x.png in Resources */ = {isa = PBXBuildFile; fileRef = 50381ABD1519803100BE93CE /* 0_toggleon@2x.png */; };
		50468A8D1527E46D0025F405 /* 0_input_l.png in Resources */ = {isa = PBXBuildFile; fileRef = 50468A8B1527E46D0025F405 /* 0_input_l.png */; };
		50468A8E1527E46D0025F405 /* 0_input_l@2x.png in Resources */ = {isa = PBXBuildFile; fileRef = 50468A8C1527E46D0025F405 /* 0_input_l@2x.png */; };
		50472B77151AA6820083D691 /* RCSwitch.m in Sources */ = {isa = PBXBuildFile; fileRef = 50472B76151AA6820083D691 /* RCSwitch.m */; };
		50472B83151ABDEA0083D691 /* 0_toggle@2x.png in Resources */ = {isa = PBXBuildFile; fileRef = 50472B81151ABDEA0083D691 /* 0_toggle@2x.png */; };
		50472B84151ABDEA0083D691 /* 0_toggle.png in Resources */ = {isa = PBXBuildFile; fileRef = 50472B82151ABDEA0083D691 /* 0_toggle.png */; };
		5049385914FAAAD3003221FC /* 0_chatcell.png in Resources */ = {isa = PBXBuildFile; fileRef = 5049385714FAAAD3003221FC /* 0_chatcell.png */; };
		5049385A14FAAAD3003221FC /* 0_chatcell@2x.png in Resources */ = {isa = PBXBuildFile; fileRef = 5049385814FAAAD3003221FC /* 0_chatcell@2x.png */; };
		5049386614FAAAE3003221FC /* 0_bble.png in Resources */ = {isa = PBXBuildFile; fileRef = 5049385C14FAAAE3003221FC /* 0_bble.png */; };
		5049386714FAAAE3003221FC /* 0_bble@2x.png in Resources */ = {isa = PBXBuildFile; fileRef = 5049385D14FAAAE3003221FC /* 0_bble@2x.png */; };
		5049386814FAAAE3003221FC /* 0_bg.png in Resources */ = {isa = PBXBuildFile; fileRef = 5049385E14FAAAE3003221FC /* 0_bg.png */; };
		5049386914FAAAE3003221FC /* 0_bg@2x.png in Resources */ = {isa = PBXBuildFile; fileRef = 5049385F14FAAAE3003221FC /* 0_bg@2x.png */; };
		5049386A14FAAAE3003221FC /* 0_chanbar_old.png in Resources */ = {isa = PBXBuildFile; fileRef = 5049386014FAAAE3003221FC /* 0_chanbar_old.png */; };
		5049386B14FAAAE3003221FC /* 0_chanbar_old@2x.png in Resources */ = {isa = PBXBuildFile; fileRef = 5049386114FAAAE3003221FC /* 0_chanbar_old@2x.png */; };
		5049387A14FB187D003221FC /* 0_joinbar.png in Resources */ = {isa = PBXBuildFile; fileRef = 5049387814FB187D003221FC /* 0_joinbar.png */; };
		5049387B14FB187D003221FC /* 0_joinbar@2x.png in Resources */ = {isa = PBXBuildFile; fileRef = 5049387914FB187D003221FC /* 0_joinbar@2x.png */; };
		504B4DB8151D39DD0082A44D /* 0_chanbar@2x.png in Resources */ = {isa = PBXBuildFile; fileRef = 504B4DB6151D39DD0082A44D /* 0_chanbar@2x.png */; };
		504B4DB9151D39DD0082A44D /* 0_chanbar.png in Resources */ = {isa = PBXBuildFile; fileRef = 504B4DB7151D39DD0082A44D /* 0_chanbar.png */; };
		504B4DBC151D3A040082A44D /* 0_navbar.png in Resources */ = {isa = PBXBuildFile; fileRef = 504B4DBA151D3A040082A44D /* 0_navbar.png */; };
		504B4DBD151D3A040082A44D /* 0_navbar@2x.png in Resources */ = {isa = PBXBuildFile; fileRef = 504B4DBB151D3A040082A44D /* 0_navbar@2x.png */; };
		504B4DC0151D40BB0082A44D /* 0_addnav.png in Resources */ = {isa = PBXBuildFile; fileRef = 504B4DBE151D40BB0082A44D /* 0_addnav.png */; };
		504B4DC1151D40BB0082A44D /* 0_addnav@2x.png in Resources */ = {isa = PBXBuildFile; fileRef = 504B4DBF151D40BB0082A44D /* 0_addnav@2x.png */; };
		504C9B6B152D1E0E00F091B2 /* RCKeychainItem.m in Sources */ = {isa = PBXBuildFile; fileRef = 504349FC152CEEDD0037BD12 /* RCKeychainItem.m */; };
		504C9B6D152D1E5A00F091B2 /* Security.framework in Frameworks */ = {isa = PBXBuildFile; fileRef = 504C9B6C152D1E5A00F091B2 /* Security.framework */; };
		504CC2F1151C0B2200605706 /* 0_cancelbutton_pressed.png in Resources */ = {isa = PBXBuildFile; fileRef = 504CC2ED151C0B1E00605706 /* 0_cancelbutton_pressed.png */; };
		504CC2F2151C0B2200605706 /* 0_cancelbutton_pressed@2x.png in Resources */ = {isa = PBXBuildFile; fileRef = 504CC2EE151C0B1F00605706 /* 0_cancelbutton_pressed@2x.png */; };
		504CC2F3151C0B2200605706 /* 0_donebutton_pressed.png in Resources */ = {isa = PBXBuildFile; fileRef = 504CC2EF151C0B1F00605706 /* 0_donebutton_pressed.png */; };
		504CC2F4151C0B2200605706 /* 0_donebutton_pressed@2x.png in Resources */ = {isa = PBXBuildFile; fileRef = 504CC2F0151C0B2000605706 /* 0_donebutton_pressed@2x.png */; };
		504CC2FB151C382C00605706 /* 0_shadow_q.png in Resources */ = {isa = PBXBuildFile; fileRef = 504CC2F9151C382A00605706 /* 0_shadow_q.png */; };
		504CC2FC151C382C00605706 /* 0_shadow_q@2x.png in Resources */ = {isa = PBXBuildFile; fileRef = 504CC2FA151C382A00605706 /* 0_shadow_q@2x.png */; };
		504CC313151C40EE00605706 /* 0_input@2x.png in Resources */ = {isa = PBXBuildFile; fileRef = 504CC311151C40EB00605706 /* 0_input@2x.png */; };
		504CC314151C40EE00605706 /* 0_input.png in Resources */ = {isa = PBXBuildFile; fileRef = 504CC312151C40EC00605706 /* 0_input.png */; };
		504CC31B151C422500605706 /* 0_navbar_old.png in Resources */ = {isa = PBXBuildFile; fileRef = 504CC319151C422400605706 /* 0_navbar_old.png */; };
		504CC31C151C422500605706 /* 0_navbar_old@2x.png in Resources */ = {isa = PBXBuildFile; fileRef = 504CC31A151C422400605706 /* 0_navbar_old@2x.png */; };
		504CC335151C450C00605706 /* 0_rednotification_glow.png in Resources */ = {isa = PBXBuildFile; fileRef = 504CC327151C450A00605706 /* 0_rednotification_glow.png */; };
		504CC336151C450C00605706 /* 0_rednotification_glow@2x.png in Resources */ = {isa = PBXBuildFile; fileRef = 504CC328151C450A00605706 /* 0_rednotification_glow@2x.png */; };
		504CC337151C450C00605706 /* 0_rednotification_noglow.png in Resources */ = {isa = PBXBuildFile; fileRef = 504CC329151C450B00605706 /* 0_rednotification_noglow.png */; };
		504CC338151C450C00605706 /* 0_rednotification_noglow@2x.png in Resources */ = {isa = PBXBuildFile; fileRef = 504CC32A151C450B00605706 /* 0_rednotification_noglow@2x.png */; };
		504CC33E151C457E00605706 /* RCBarGroup.m in Sources */ = {isa = PBXBuildFile; fileRef = 504CC33D151C457D00605706 /* RCBarGroup.m */; };
		504CC349151C4C6A00605706 /* 0_bluebar_glow.png in Resources */ = {isa = PBXBuildFile; fileRef = 504CC33F151C4C6200605706 /* 0_bluebar_glow.png */; };
		504CC34A151C4C6A00605706 /* 0_bluebar_glow@2x.png in Resources */ = {isa = PBXBuildFile; fileRef = 504CC340151C4C6300605706 /* 0_bluebar_glow@2x.png */; };
		504CC34B151C4C6A00605706 /* 0_bluebar_noglow.png in Resources */ = {isa = PBXBuildFile; fileRef = 504CC341151C4C6300605706 /* 0_bluebar_noglow.png */; };
		504CC34C151C4C6A00605706 /* 0_bluebar_noglow@2x.png in Resources */ = {isa = PBXBuildFile; fileRef = 504CC342151C4C6400605706 /* 0_bluebar_noglow@2x.png */; };
		504CC34D151C4C6A00605706 /* 0_normalbar.png in Resources */ = {isa = PBXBuildFile; fileRef = 504CC343151C4C6500605706 /* 0_normalbar.png */; };
		504CC34E151C4C6A00605706 /* 0_normalbar@2x.png in Resources */ = {isa = PBXBuildFile; fileRef = 504CC344151C4C6600605706 /* 0_normalbar@2x.png */; };
		504CC34F151C4C6A00605706 /* 0_redbar_glow.png in Resources */ = {isa = PBXBuildFile; fileRef = 504CC345151C4C6600605706 /* 0_redbar_glow.png */; };
		504CC350151C4C6A00605706 /* 0_redbar_glow@2x.png in Resources */ = {isa = PBXBuildFile; fileRef = 504CC346151C4C6700605706 /* 0_redbar_glow@2x.png */; };
		504CC351151C4C6A00605706 /* 0_redbar_noglow.png in Resources */ = {isa = PBXBuildFile; fileRef = 504CC347151C4C6900605706 /* 0_redbar_noglow.png */; };
		504CC352151C4C6A00605706 /* 0_redbar_noglow@2x.png in Resources */ = {isa = PBXBuildFile; fileRef = 504CC348151C4C6A00605706 /* 0_redbar_noglow@2x.png */; };
		504CC355151C50C200605706 /* RCBar.m in Sources */ = {isa = PBXBuildFile; fileRef = 504CC354151C50C100605706 /* RCBar.m */; };
		50711B4115156C670022CA68 /* 0_chatcell_2.png in Resources */ = {isa = PBXBuildFile; fileRef = 50711B3715156C440022CA68 /* 0_chatcell_2.png */; };
		50711B4215156C670022CA68 /* 0_chatcell_2@2x.png in Resources */ = {isa = PBXBuildFile; fileRef = 50711B3815156C440022CA68 /* 0_chatcell_2@2x.png */; };
		50711B4315156C670022CA68 /* 0_chatcell_3.png in Resources */ = {isa = PBXBuildFile; fileRef = 50711B3915156C450022CA68 /* 0_chatcell_3.png */; };
		50711B4415156C670022CA68 /* 0_chatcell_3@2x.png in Resources */ = {isa = PBXBuildFile; fileRef = 50711B3A15156C470022CA68 /* 0_chatcell_3@2x.png */; };
		50711B4515156C670022CA68 /* 0_chatcell_4.png in Resources */ = {isa = PBXBuildFile; fileRef = 50711B3B15156C490022CA68 /* 0_chatcell_4.png */; };
		50711B4615156C670022CA68 /* 0_chatcell_4@2x.png in Resources */ = {isa = PBXBuildFile; fileRef = 50711B3C15156C4C0022CA68 /* 0_chatcell_4@2x.png */; };
		50711B4715156C670022CA68 /* 0_chatcell_5.png in Resources */ = {isa = PBXBuildFile; fileRef = 50711B3D15156C500022CA68 /* 0_chatcell_5.png */; };
		50711B4815156C670022CA68 /* 0_chatcell_5@2x.png in Resources */ = {isa = PBXBuildFile; fileRef = 50711B3E15156C550022CA68 /* 0_chatcell_5@2x.png */; };
		50711B4915156C670022CA68 /* 0_chatcell_6.png in Resources */ = {isa = PBXBuildFile; fileRef = 50711B3F15156C5A0022CA68 /* 0_chatcell_6.png */; };
		50711B4A15156C670022CA68 /* 0_chatcell_6@2x.png in Resources */ = {isa = PBXBuildFile; fileRef = 50711B4015156C600022CA68 /* 0_chatcell_6@2x.png */; };
		5088C0E014C4F89C001ADD06 /* CFNetwork.framework in Frameworks */ = {isa = PBXBuildFile; fileRef = 5088C0DF14C4F89C001ADD06 /* CFNetwork.framework */; };
		50929EB6151E65F1007E23D3 /* RCPMChannel.m in Sources */ = {isa = PBXBuildFile; fileRef = 50929EB5151E65F1007E23D3 /* RCPMChannel.m */; };
		50929EBA151E86FA007E23D3 /* RCiPadViewController.m in Sources */ = {isa = PBXBuildFile; fileRef = 50929EB9151E86FA007E23D3 /* RCiPadViewController.m */; };
		50929EC9151F0D2B007E23D3 /* RCNewMessagesBubble.m in Sources */ = {isa = PBXBuildFile; fileRef = 50929EC8151F0D2B007E23D3 /* RCNewMessagesBubble.m */; };
		50A7FB8114C0F0A800ABADEA /* UIKit.framework in Frameworks */ = {isa = PBXBuildFile; fileRef = 50A7FB8014C0F0A800ABADEA /* UIKit.framework */; };
		50A7FB8314C0F0A800ABADEA /* Foundation.framework in Frameworks */ = {isa = PBXBuildFile; fileRef = 50A7FB8214C0F0A800ABADEA /* Foundation.framework */; };
		50A7FB8514C0F0A800ABADEA /* CoreGraphics.framework in Frameworks */ = {isa = PBXBuildFile; fileRef = 50A7FB8414C0F0A800ABADEA /* CoreGraphics.framework */; };
		50A7FB8B14C0F0A800ABADEA /* InfoPlist.strings in Resources */ = {isa = PBXBuildFile; fileRef = 50A7FB8914C0F0A800ABADEA /* InfoPlist.strings */; };
		50A7FB9714C0F0A800ABADEA /* RCViewController_iPhone.xib in Resources */ = {isa = PBXBuildFile; fileRef = 50A7FB9514C0F0A800ABADEA /* RCViewController_iPhone.xib */; };
		50A7FB9A14C0F0A800ABADEA /* RCViewController_iPad.xib in Resources */ = {isa = PBXBuildFile; fileRef = 50A7FB9814C0F0A800ABADEA /* RCViewController_iPad.xib */; };
		50A7FBB314C0FAB800ABADEA /* QuartzCore.framework in Frameworks */ = {isa = PBXBuildFile; fileRef = 50A7FBB214C0FAB700ABADEA /* QuartzCore.framework */; };
		50AAE7E7151AD6A500E631FD /* RCTextField.m in Sources */ = {isa = PBXBuildFile; fileRef = 50AAE7E6151AD6A500E631FD /* RCTextField.m */; };
		50AAE7EA151AD8B900E631FD /* RCAddCell.m in Sources */ = {isa = PBXBuildFile; fileRef = 50AAE7E9151AD8B900E631FD /* RCAddCell.m */; };
		50AAE7ED151ADDAB00E631FD /* 0_r_shadow@2x.png in Resources */ = {isa = PBXBuildFile; fileRef = 50AAE7EB151ADDAB00E631FD /* 0_r_shadow@2x.png */; };
		50AAE7EE151ADDAB00E631FD /* 0_r_shadow.png in Resources */ = {isa = PBXBuildFile; fileRef = 50AAE7EC151ADDAB00E631FD /* 0_r_shadow.png */; };
		50E4922D152284F600EF676B /* 0_divider.png in Resources */ = {isa = PBXBuildFile; fileRef = 50E49229152284F300EF676B /* 0_divider.png */; };
		50E4922E152284F600EF676B /* 0_divider@2x.png in Resources */ = {isa = PBXBuildFile; fileRef = 50E4922A152284F400EF676B /* 0_divider@2x.png */; };
		50E492341522A27A00EF676B /* 0_navbar_landscape.png in Resources */ = {isa = PBXBuildFile; fileRef = 50E492321522A27300EF676B /* 0_navbar_landscape.png */; };
		50E492351522A27A00EF676B /* 0_navbar_landscape@2x.png in Resources */ = {isa = PBXBuildFile; fileRef = 50E492331522A27500EF676B /* 0_navbar_landscape@2x.png */; };
		50E77A8F1505A29100E75C64 /* main.m in Sources */ = {isa = PBXBuildFile; fileRef = 50E77A8E1505A29100E75C64 /* main.m */; };
		50E77A921505A30400E75C64 /* RCViewController.m in Sources */ = {isa = PBXBuildFile; fileRef = 50E77A651505A17800E75C64 /* RCViewController.m */; };
		50E77A931505A30400E75C64 /* RCChatPanel.m in Sources */ = {isa = PBXBuildFile; fileRef = 50E77A671505A18700E75C64 /* RCChatPanel.m */; };
		50E77A941505A30400E75C64 /* RCChatCell.m in Sources */ = {isa = PBXBuildFile; fileRef = 50E77A691505A1AC00E75C64 /* RCChatCell.m */; };
		50E77A951505A30400E75C64 /* RCChannelBubble.m in Sources */ = {isa = PBXBuildFile; fileRef = 50E77A6B1505A1B500E75C64 /* RCChannelBubble.m */; };
		50E77A961505A30400E75C64 /* RCChannelScrollView.m in Sources */ = {isa = PBXBuildFile; fileRef = 50E77A6D1505A1BE00E75C64 /* RCChannelScrollView.m */; };
		50E77A971505A30400E75C64 /* RCNavigationBar.m in Sources */ = {isa = PBXBuildFile; fileRef = 50E77A6F1505A1CF00E75C64 /* RCNavigationBar.m */; };
		50E77A981505A30400E75C64 /* RCNavigator.m in Sources */ = {isa = PBXBuildFile; fileRef = 50E77A711505A1D800E75C64 /* RCNavigator.m */; };
		50E77A991505A30400E75C64 /* RCTitleLabel.m in Sources */ = {isa = PBXBuildFile; fileRef = 50E77A731505A1E300E75C64 /* RCTitleLabel.m */; };
		50E77A9A1505A30400E75C64 /* RCAddNetworkController.m in Sources */ = {isa = PBXBuildFile; fileRef = 50E77A751505A1EC00E75C64 /* RCAddNetworkController.m */; };
		50E77A9B1505A30400E75C64 /* NSString+Comparing.m in Sources */ = {isa = PBXBuildFile; fileRef = 50E77A771505A21500E75C64 /* NSString+Comparing.m */; };
		50E77A9C1505A30400E75C64 /* RCAppDelegate.m in Sources */ = {isa = PBXBuildFile; fileRef = 50E77A791505A21500E75C64 /* RCAppDelegate.m */; };
		50E77A9D1505A30400E75C64 /* RCChannel.m in Sources */ = {isa = PBXBuildFile; fileRef = 50E77A7B1505A21500E75C64 /* RCChannel.m */; };
		50E77A9E1505A30400E75C64 /* RCConsoleChannel.m in Sources */ = {isa = PBXBuildFile; fileRef = 50E77A7D1505A21500E75C64 /* RCConsoleChannel.m */; };
		50E77A9F1505A30400E75C64 /* RCMessage.m in Sources */ = {isa = PBXBuildFile; fileRef = 50E77A7F1505A21500E75C64 /* RCMessage.m */; };
		50E77AA01505A30400E75C64 /* RCNetwork.m in Sources */ = {isa = PBXBuildFile; fileRef = 50E77A811505A21500E75C64 /* RCNetwork.m */; };
		50E77AA11505A30400E75C64 /* RCNetworkManager.m in Sources */ = {isa = PBXBuildFile; fileRef = 50E77A831505A21500E75C64 /* RCNetworkManager.m */; };
		50E77AA21505A30400E75C64 /* RCWelcomeNetwork.m in Sources */ = {isa = PBXBuildFile; fileRef = 50E77A851505A21500E75C64 /* RCWelcomeNetwork.m */; };
		50E77AA41505A30400E75C64 /* OHAttributedLabel.m in Sources */ = {isa = PBXBuildFile; fileRef = 50E77A891505A22800E75C64 /* OHAttributedLabel.m */; };
		50E77AA51505A30400E75C64 /* NSAttributedString+Attributes.m in Sources */ = {isa = PBXBuildFile; fileRef = 50E77A871505A22100E75C64 /* NSAttributedString+Attributes.m */; };
		50EEDA241512C6150011618C /* 0_regulares.png in Resources */ = {isa = PBXBuildFile; fileRef = 50EEDA221512C6150011618C /* 0_regulares.png */; };
		50EEDA251512C6150011618C /* 0_regulares@2x.png in Resources */ = {isa = PBXBuildFile; fileRef = 50EEDA231512C6150011618C /* 0_regulares@2x.png */; };
		50EEDA291512C8540011618C /* 0_ops.png in Resources */ = {isa = PBXBuildFile; fileRef = 50EEDA271512C8540011618C /* 0_ops.png */; };
		50EEDA2A1512C8540011618C /* 0_ops@2x.png in Resources */ = {isa = PBXBuildFile; fileRef = 50EEDA281512C8540011618C /* 0_ops@2x.png */; };
		50EEDA2D1512C92F0011618C /* 0_mListr.png in Resources */ = {isa = PBXBuildFile; fileRef = 50EEDA2B1512C92F0011618C /* 0_mListr.png */; };
		50EEDA301512CA520011618C /* 0_mListr@2x.png in Resources */ = {isa = PBXBuildFile; fileRef = 50EEDA2F1512CA520011618C /* 0_mListr@2x.png */; };
/* End PBXBuildFile section */

/* Begin PBXFileReference section */
		501F2B2F15098C6C0099C9C3 /* 0_shadow_t.png */ = {isa = PBXFileReference; lastKnownFileType = image.png; path = 0_shadow_t.png; sourceTree = "<group>"; };
		501F2B3015098C6C0099C9C3 /* 0_shadow_t@2x.png */ = {isa = PBXFileReference; lastKnownFileType = image.png; path = "0_shadow_t@2x.png"; sourceTree = "<group>"; };
		501F2B3B150995DE0099C9C3 /* RCTableView.h */ = {isa = PBXFileReference; fileEncoding = 4; lastKnownFileType = sourcecode.c.h; path = RCTableView.h; sourceTree = "<group>"; };
		501F2B3C150995DE0099C9C3 /* RCTableView.m */ = {isa = PBXFileReference; fileEncoding = 4; lastKnownFileType = sourcecode.c.objc; path = RCTableView.m; sourceTree = "<group>"; };
		50221BA314EF6CB800C7AF58 /* CoreText.framework */ = {isa = PBXFileReference; lastKnownFileType = wrapper.framework; name = CoreText.framework; path = System/Library/Frameworks/CoreText.framework; sourceTree = SDKROOT; };
		502F0E1815156EFE0019CA24 /* 0_chatcell_7.png */ = {isa = PBXFileReference; lastKnownFileType = image.png; path = 0_chatcell_7.png; sourceTree = "<group>"; };
		502F0E1915156EFE0019CA24 /* 0_chatcell_7@2x.png */ = {isa = PBXFileReference; lastKnownFileType = image.png; path = "0_chatcell_7@2x.png"; sourceTree = "<group>"; };
		502F0E1A15156EFE0019CA24 /* 0_chatcell_8.png */ = {isa = PBXFileReference; lastKnownFileType = image.png; path = 0_chatcell_8.png; sourceTree = "<group>"; };
		502F0E1B15156EFE0019CA24 /* 0_chatcell_8@2x.png */ = {isa = PBXFileReference; lastKnownFileType = image.png; path = "0_chatcell_8@2x.png"; sourceTree = "<group>"; };
		502F0E211515732E0019CA24 /* Icon.png */ = {isa = PBXFileReference; lastKnownFileType = image.png; path = Icon.png; sourceTree = "<group>"; };
		502F0E221515732E0019CA24 /* Icon@2x.png */ = {isa = PBXFileReference; lastKnownFileType = image.png; path = "Icon@2x.png"; sourceTree = "<group>"; };
		502F0E29151577F70019CA24 /* 0_chatcell_9@2x.png */ = {isa = PBXFileReference; lastKnownFileType = image.png; path = "0_chatcell_9@2x.png"; sourceTree = "<group>"; };
		502F0E2A151577F70019CA24 /* 0_chatcell_9.png */ = {isa = PBXFileReference; lastKnownFileType = image.png; path = 0_chatcell_9.png; sourceTree = "<group>"; };
		502F0E37151588390019CA24 /* 0_@_user.png */ = {isa = PBXFileReference; lastKnownFileType = image.png; path = "0_@_user.png"; sourceTree = "<group>"; };
		502F0E38151588390019CA24 /* 0_@_user@2x.png */ = {isa = PBXFileReference; lastKnownFileType = image.png; path = "0_@_user@2x.png"; sourceTree = "<group>"; };
		502F0E39151588390019CA24 /* 0_&_user.png */ = {isa = PBXFileReference; lastKnownFileType = image.png; path = "0_&_user.png"; sourceTree = "<group>"; };
		502F0E3A151588390019CA24 /* 0_&_user@2x.png */ = {isa = PBXFileReference; lastKnownFileType = image.png; path = "0_&_user@2x.png"; sourceTree = "<group>"; };
		502F0E3B151588390019CA24 /* 0_%_user.png */ = {isa = PBXFileReference; lastKnownFileType = image.png; path = "0_%_user.png"; sourceTree = "<group>"; };
		502F0E3C151588390019CA24 /* 0_%_user@2x.png */ = {isa = PBXFileReference; lastKnownFileType = image.png; path = "0_%_user@2x.png"; sourceTree = "<group>"; };
		502F0E3D151588390019CA24 /* 0_+_user.png */ = {isa = PBXFileReference; lastKnownFileType = image.png; path = "0_+_user.png"; sourceTree = "<group>"; };
		502F0E3E151588390019CA24 /* 0_+_user@2x.png */ = {isa = PBXFileReference; lastKnownFileType = image.png; path = "0_+_user@2x.png"; sourceTree = "<group>"; };
		502F0E3F151588390019CA24 /* 0_~_user.png */ = {isa = PBXFileReference; lastKnownFileType = image.png; path = "0_~_user.png"; sourceTree = "<group>"; };
		502F0E40151588390019CA24 /* 0_~_user@2x.png */ = {isa = PBXFileReference; lastKnownFileType = image.png; path = "0_~_user@2x.png"; sourceTree = "<group>"; };
		503050161521389B002AAA44 /* 0_chatcell_10.png */ = {isa = PBXFileReference; lastKnownFileType = image.png; path = 0_chatcell_10.png; sourceTree = "<group>"; };
		503050171521389B002AAA44 /* 0_chatcell_10@2x.png */ = {isa = PBXFileReference; lastKnownFileType = image.png; path = "0_chatcell_10@2x.png"; sourceTree = "<group>"; };
		503050181521389B002AAA44 /* 0_chatcell_11.png */ = {isa = PBXFileReference; lastKnownFileType = image.png; path = 0_chatcell_11.png; sourceTree = "<group>"; };
		503050191521389B002AAA44 /* 0_chatcell_11@2x.png */ = {isa = PBXFileReference; lastKnownFileType = image.png; path = "0_chatcell_11@2x.png"; sourceTree = "<group>"; };
		5030501A1521389B002AAA44 /* 0_chatcell_12.png */ = {isa = PBXFileReference; lastKnownFileType = image.png; path = 0_chatcell_12.png; sourceTree = "<group>"; };
		5030501B1521389B002AAA44 /* 0_chatcell_12@2x.png */ = {isa = PBXFileReference; lastKnownFileType = image.png; path = "0_chatcell_12@2x.png"; sourceTree = "<group>"; };
		503399AC15057D0D004C4D28 /* libTestFlight.a */ = {isa = PBXFileReference; lastKnownFileType = archive.ar; name = libTestFlight.a; path = ../../Downloads/TestFlightSDK0.8.2/libTestFlight.a; sourceTree = "<group>"; };
		503399E61505A0EC004C4D28 /* shadow.png */ = {isa = PBXFileReference; lastKnownFileType = image.png; path = shadow.png; sourceTree = "<group>"; };
		503399E71505A0EC004C4D28 /* shadow@2x.png */ = {isa = PBXFileReference; lastKnownFileType = image.png; path = "shadow@2x.png"; sourceTree = "<group>"; };
		503742271511478300F4DA1A /* RCUserListPanel.h */ = {isa = PBXFileReference; fileEncoding = 4; lastKnownFileType = sourcecode.c.h; path = RCUserListPanel.h; sourceTree = "<group>"; };
		503742281511478300F4DA1A /* RCUserListPanel.m */ = {isa = PBXFileReference; fileEncoding = 4; lastKnownFileType = sourcecode.c.objc; path = RCUserListPanel.m; sourceTree = "<group>"; };
		503790F81512BD4100EE2A7E /* RCUserTableCell.h */ = {isa = PBXFileReference; fileEncoding = 4; lastKnownFileType = sourcecode.c.h; path = RCUserTableCell.h; sourceTree = "<group>"; };
		503790F91512BD4100EE2A7E /* RCUserTableCell.m */ = {isa = PBXFileReference; fileEncoding = 4; lastKnownFileType = sourcecode.c.objc; path = RCUserTableCell.m; sourceTree = "<group>"; };
		50381AAC1519802E00BE93CE /* 0_cancelbutton_normal.png */ = {isa = PBXFileReference; lastKnownFileType = image.png; path = 0_cancelbutton_normal.png; sourceTree = "<group>"; };
		50381AAD1519802F00BE93CE /* 0_cancelbutton_normal@2x.png */ = {isa = PBXFileReference; lastKnownFileType = image.png; path = "0_cancelbutton_normal@2x.png"; sourceTree = "<group>"; };
		50381AB01519802F00BE93CE /* 0_donebutton_disabled.png */ = {isa = PBXFileReference; lastKnownFileType = image.png; path = 0_donebutton_disabled.png; sourceTree = "<group>"; };
		50381AB11519803000BE93CE /* 0_donebutton_disabled@2x.png */ = {isa = PBXFileReference; lastKnownFileType = image.png; path = "0_donebutton_disabled@2x.png"; sourceTree = "<group>"; };
		50381AB21519803000BE93CE /* 0_donebutton_normal.png */ = {isa = PBXFileReference; lastKnownFileType = image.png; path = 0_donebutton_normal.png; sourceTree = "<group>"; };
		50381AB31519803000BE93CE /* 0_donebutton_normal@2x.png */ = {isa = PBXFileReference; lastKnownFileType = image.png; path = "0_donebutton_normal@2x.png"; sourceTree = "<group>"; };
		50381AB61519803000BE93CE /* 0_toggleind_normal.png */ = {isa = PBXFileReference; lastKnownFileType = image.png; path = 0_toggleind_normal.png; sourceTree = "<group>"; };
		50381AB71519803000BE93CE /* 0_toggleind_normal@2x.png */ = {isa = PBXFileReference; lastKnownFileType = image.png; path = "0_toggleind_normal@2x.png"; sourceTree = "<group>"; };
		50381AB81519803000BE93CE /* 0_toggleind_pressed.png */ = {isa = PBXFileReference; lastKnownFileType = image.png; path = 0_toggleind_pressed.png; sourceTree = "<group>"; };
		50381AB91519803000BE93CE /* 0_toggleind_pressed@2x.png */ = {isa = PBXFileReference; lastKnownFileType = image.png; path = "0_toggleind_pressed@2x.png"; sourceTree = "<group>"; };
		50381ABA1519803100BE93CE /* 0_toggleoff.png */ = {isa = PBXFileReference; lastKnownFileType = image.png; path = 0_toggleoff.png; sourceTree = "<group>"; };
		50381ABB1519803100BE93CE /* 0_toggleoff@2x.png */ = {isa = PBXFileReference; lastKnownFileType = image.png; path = "0_toggleoff@2x.png"; sourceTree = "<group>"; };
		50381ABC1519803100BE93CE /* 0_toggleon.png */ = {isa = PBXFileReference; lastKnownFileType = image.png; path = 0_toggleon.png; sourceTree = "<group>"; };
		50381ABD1519803100BE93CE /* 0_toggleon@2x.png */ = {isa = PBXFileReference; lastKnownFileType = image.png; path = "0_toggleon@2x.png"; sourceTree = "<group>"; };
		504349FC152CEEDD0037BD12 /* RCKeychainItem.m */ = {isa = PBXFileReference; lastKnownFileType = sourcecode.c.objc; path = RCKeychainItem.m; sourceTree = "<group>"; };
		50468A8B1527E46D0025F405 /* 0_input_l.png */ = {isa = PBXFileReference; lastKnownFileType = image.png; path = 0_input_l.png; sourceTree = "<group>"; };
		50468A8C1527E46D0025F405 /* 0_input_l@2x.png */ = {isa = PBXFileReference; lastKnownFileType = image.png; path = "0_input_l@2x.png"; sourceTree = "<group>"; };
		50472B75151AA6820083D691 /* RCSwitch.h */ = {isa = PBXFileReference; fileEncoding = 4; lastKnownFileType = sourcecode.c.h; path = RCSwitch.h; sourceTree = "<group>"; };
		50472B76151AA6820083D691 /* RCSwitch.m */ = {isa = PBXFileReference; fileEncoding = 4; lastKnownFileType = sourcecode.c.objc; path = RCSwitch.m; sourceTree = "<group>"; };
		50472B81151ABDEA0083D691 /* 0_toggle@2x.png */ = {isa = PBXFileReference; lastKnownFileType = image.png; path = "0_toggle@2x.png"; sourceTree = "<group>"; };
		50472B82151ABDEA0083D691 /* 0_toggle.png */ = {isa = PBXFileReference; lastKnownFileType = image.png; path = 0_toggle.png; sourceTree = "<group>"; };
		5049385714FAAAD3003221FC /* 0_chatcell.png */ = {isa = PBXFileReference; lastKnownFileType = image.png; path = 0_chatcell.png; sourceTree = "<group>"; };
		5049385814FAAAD3003221FC /* 0_chatcell@2x.png */ = {isa = PBXFileReference; lastKnownFileType = image.png; path = "0_chatcell@2x.png"; sourceTree = "<group>"; };
		5049385C14FAAAE3003221FC /* 0_bble.png */ = {isa = PBXFileReference; lastKnownFileType = image.png; path = 0_bble.png; sourceTree = "<group>"; };
		5049385D14FAAAE3003221FC /* 0_bble@2x.png */ = {isa = PBXFileReference; lastKnownFileType = image.png; path = "0_bble@2x.png"; sourceTree = "<group>"; };
		5049385E14FAAAE3003221FC /* 0_bg.png */ = {isa = PBXFileReference; lastKnownFileType = image.png; path = 0_bg.png; sourceTree = "<group>"; };
		5049385F14FAAAE3003221FC /* 0_bg@2x.png */ = {isa = PBXFileReference; lastKnownFileType = image.png; path = "0_bg@2x.png"; sourceTree = "<group>"; };
		5049386014FAAAE3003221FC /* 0_chanbar_old.png */ = {isa = PBXFileReference; lastKnownFileType = image.png; path = 0_chanbar_old.png; sourceTree = "<group>"; };
		5049386114FAAAE3003221FC /* 0_chanbar_old@2x.png */ = {isa = PBXFileReference; lastKnownFileType = image.png; path = "0_chanbar_old@2x.png"; sourceTree = "<group>"; };
		5049387014FAC487003221FC /* 0_chatcell@2x.png */ = {isa = PBXFileReference; lastKnownFileType = image.png; path = "0_chatcell@2x.png"; sourceTree = "<group>"; };
		5049387114FAC487003221FC /* 0_chatcell.png */ = {isa = PBXFileReference; lastKnownFileType = image.png; path = 0_chatcell.png; sourceTree = "<group>"; };
		5049387814FB187D003221FC /* 0_joinbar.png */ = {isa = PBXFileReference; lastKnownFileType = image.png; path = 0_joinbar.png; sourceTree = "<group>"; };
		5049387914FB187D003221FC /* 0_joinbar@2x.png */ = {isa = PBXFileReference; lastKnownFileType = image.png; path = "0_joinbar@2x.png"; sourceTree = "<group>"; };
		504B4DB6151D39DD0082A44D /* 0_chanbar@2x.png */ = {isa = PBXFileReference; lastKnownFileType = image.png; path = "0_chanbar@2x.png"; sourceTree = "<group>"; };
		504B4DB7151D39DD0082A44D /* 0_chanbar.png */ = {isa = PBXFileReference; lastKnownFileType = image.png; path = 0_chanbar.png; sourceTree = "<group>"; };
		504B4DBA151D3A040082A44D /* 0_navbar.png */ = {isa = PBXFileReference; lastKnownFileType = image.png; path = 0_navbar.png; sourceTree = "<group>"; };
		504B4DBB151D3A040082A44D /* 0_navbar@2x.png */ = {isa = PBXFileReference; lastKnownFileType = image.png; path = "0_navbar@2x.png"; sourceTree = "<group>"; };
		504B4DBE151D40BB0082A44D /* 0_addnav.png */ = {isa = PBXFileReference; lastKnownFileType = image.png; path = 0_addnav.png; sourceTree = "<group>"; };
		504B4DBF151D40BB0082A44D /* 0_addnav@2x.png */ = {isa = PBXFileReference; lastKnownFileType = image.png; path = "0_addnav@2x.png"; sourceTree = "<group>"; };
		504C9B6C152D1E5A00F091B2 /* Security.framework */ = {isa = PBXFileReference; lastKnownFileType = wrapper.framework; name = Security.framework; path = System/Library/Frameworks/Security.framework; sourceTree = SDKROOT; };
		504CC2ED151C0B1E00605706 /* 0_cancelbutton_pressed.png */ = {isa = PBXFileReference; lastKnownFileType = image.png; path = 0_cancelbutton_pressed.png; sourceTree = "<group>"; };
		504CC2EE151C0B1F00605706 /* 0_cancelbutton_pressed@2x.png */ = {isa = PBXFileReference; lastKnownFileType = image.png; path = "0_cancelbutton_pressed@2x.png"; sourceTree = "<group>"; };
		504CC2EF151C0B1F00605706 /* 0_donebutton_pressed.png */ = {isa = PBXFileReference; lastKnownFileType = image.png; path = 0_donebutton_pressed.png; sourceTree = "<group>"; };
		504CC2F0151C0B2000605706 /* 0_donebutton_pressed@2x.png */ = {isa = PBXFileReference; lastKnownFileType = image.png; path = "0_donebutton_pressed@2x.png"; sourceTree = "<group>"; };
		504CC2F9151C382A00605706 /* 0_shadow_q.png */ = {isa = PBXFileReference; lastKnownFileType = image.png; path = 0_shadow_q.png; sourceTree = "<group>"; };
		504CC2FA151C382A00605706 /* 0_shadow_q@2x.png */ = {isa = PBXFileReference; lastKnownFileType = image.png; path = "0_shadow_q@2x.png"; sourceTree = "<group>"; };
		504CC311151C40EB00605706 /* 0_input@2x.png */ = {isa = PBXFileReference; lastKnownFileType = image.png; path = "0_input@2x.png"; sourceTree = "<group>"; };
		504CC312151C40EC00605706 /* 0_input.png */ = {isa = PBXFileReference; lastKnownFileType = image.png; path = 0_input.png; sourceTree = "<group>"; };
		504CC319151C422400605706 /* 0_navbar_old.png */ = {isa = PBXFileReference; lastKnownFileType = image.png; path = 0_navbar_old.png; sourceTree = "<group>"; };
		504CC31A151C422400605706 /* 0_navbar_old@2x.png */ = {isa = PBXFileReference; lastKnownFileType = image.png; path = "0_navbar_old@2x.png"; sourceTree = "<group>"; };
		504CC327151C450A00605706 /* 0_rednotification_glow.png */ = {isa = PBXFileReference; lastKnownFileType = image.png; path = 0_rednotification_glow.png; sourceTree = "<group>"; };
		504CC328151C450A00605706 /* 0_rednotification_glow@2x.png */ = {isa = PBXFileReference; lastKnownFileType = image.png; path = "0_rednotification_glow@2x.png"; sourceTree = "<group>"; };
		504CC329151C450B00605706 /* 0_rednotification_noglow.png */ = {isa = PBXFileReference; lastKnownFileType = image.png; path = 0_rednotification_noglow.png; sourceTree = "<group>"; };
		504CC32A151C450B00605706 /* 0_rednotification_noglow@2x.png */ = {isa = PBXFileReference; lastKnownFileType = image.png; path = "0_rednotification_noglow@2x.png"; sourceTree = "<group>"; };
		504CC33C151C457D00605706 /* RCBarGroup.h */ = {isa = PBXFileReference; fileEncoding = 4; lastKnownFileType = sourcecode.c.h; path = RCBarGroup.h; sourceTree = "<group>"; };
		504CC33D151C457D00605706 /* RCBarGroup.m */ = {isa = PBXFileReference; fileEncoding = 4; lastKnownFileType = sourcecode.c.objc; path = RCBarGroup.m; sourceTree = "<group>"; };
		504CC33F151C4C6200605706 /* 0_bluebar_glow.png */ = {isa = PBXFileReference; lastKnownFileType = image.png; path = 0_bluebar_glow.png; sourceTree = "<group>"; };
		504CC340151C4C6300605706 /* 0_bluebar_glow@2x.png */ = {isa = PBXFileReference; lastKnownFileType = image.png; path = "0_bluebar_glow@2x.png"; sourceTree = "<group>"; };
		504CC341151C4C6300605706 /* 0_bluebar_noglow.png */ = {isa = PBXFileReference; lastKnownFileType = image.png; path = 0_bluebar_noglow.png; sourceTree = "<group>"; };
		504CC342151C4C6400605706 /* 0_bluebar_noglow@2x.png */ = {isa = PBXFileReference; lastKnownFileType = image.png; path = "0_bluebar_noglow@2x.png"; sourceTree = "<group>"; };
		504CC343151C4C6500605706 /* 0_normalbar.png */ = {isa = PBXFileReference; lastKnownFileType = image.png; path = 0_normalbar.png; sourceTree = "<group>"; };
		504CC344151C4C6600605706 /* 0_normalbar@2x.png */ = {isa = PBXFileReference; lastKnownFileType = image.png; path = "0_normalbar@2x.png"; sourceTree = "<group>"; };
		504CC345151C4C6600605706 /* 0_redbar_glow.png */ = {isa = PBXFileReference; lastKnownFileType = image.png; path = 0_redbar_glow.png; sourceTree = "<group>"; };
		504CC346151C4C6700605706 /* 0_redbar_glow@2x.png */ = {isa = PBXFileReference; lastKnownFileType = image.png; path = "0_redbar_glow@2x.png"; sourceTree = "<group>"; };
		504CC347151C4C6900605706 /* 0_redbar_noglow.png */ = {isa = PBXFileReference; lastKnownFileType = image.png; path = 0_redbar_noglow.png; sourceTree = "<group>"; };
		504CC348151C4C6A00605706 /* 0_redbar_noglow@2x.png */ = {isa = PBXFileReference; lastKnownFileType = image.png; path = "0_redbar_noglow@2x.png"; sourceTree = "<group>"; };
		504CC353151C50C100605706 /* RCBar.h */ = {isa = PBXFileReference; fileEncoding = 4; lastKnownFileType = sourcecode.c.h; path = RCBar.h; sourceTree = "<group>"; };
		504CC354151C50C100605706 /* RCBar.m */ = {isa = PBXFileReference; fileEncoding = 4; lastKnownFileType = sourcecode.c.objc; path = RCBar.m; sourceTree = "<group>"; };
		506944C6152813530096140C /* Relay.entitlements */ = {isa = PBXFileReference; lastKnownFileType = text.xml; path = Relay.entitlements; sourceTree = "<group>"; };
		50711B3715156C440022CA68 /* 0_chatcell_2.png */ = {isa = PBXFileReference; lastKnownFileType = image.png; path = 0_chatcell_2.png; sourceTree = "<group>"; };
		50711B3815156C440022CA68 /* 0_chatcell_2@2x.png */ = {isa = PBXFileReference; lastKnownFileType = image.png; path = "0_chatcell_2@2x.png"; sourceTree = "<group>"; };
		50711B3915156C450022CA68 /* 0_chatcell_3.png */ = {isa = PBXFileReference; lastKnownFileType = image.png; path = 0_chatcell_3.png; sourceTree = "<group>"; };
		50711B3A15156C470022CA68 /* 0_chatcell_3@2x.png */ = {isa = PBXFileReference; lastKnownFileType = image.png; path = "0_chatcell_3@2x.png"; sourceTree = "<group>"; };
		50711B3B15156C490022CA68 /* 0_chatcell_4.png */ = {isa = PBXFileReference; lastKnownFileType = image.png; path = 0_chatcell_4.png; sourceTree = "<group>"; };
		50711B3C15156C4C0022CA68 /* 0_chatcell_4@2x.png */ = {isa = PBXFileReference; lastKnownFileType = image.png; path = "0_chatcell_4@2x.png"; sourceTree = "<group>"; };
		50711B3D15156C500022CA68 /* 0_chatcell_5.png */ = {isa = PBXFileReference; lastKnownFileType = image.png; path = 0_chatcell_5.png; sourceTree = "<group>"; };
		50711B3E15156C550022CA68 /* 0_chatcell_5@2x.png */ = {isa = PBXFileReference; lastKnownFileType = image.png; path = "0_chatcell_5@2x.png"; sourceTree = "<group>"; };
		50711B3F15156C5A0022CA68 /* 0_chatcell_6.png */ = {isa = PBXFileReference; lastKnownFileType = image.png; path = 0_chatcell_6.png; sourceTree = "<group>"; };
		50711B4015156C600022CA68 /* 0_chatcell_6@2x.png */ = {isa = PBXFileReference; lastKnownFileType = image.png; path = "0_chatcell_6@2x.png"; sourceTree = "<group>"; };
		5088C0DF14C4F89C001ADD06 /* CFNetwork.framework */ = {isa = PBXFileReference; lastKnownFileType = wrapper.framework; name = CFNetwork.framework; path = System/Library/Frameworks/CFNetwork.framework; sourceTree = SDKROOT; };
		50929EB4151E65F1007E23D3 /* RCPMChannel.h */ = {isa = PBXFileReference; fileEncoding = 4; lastKnownFileType = sourcecode.c.h; path = RCPMChannel.h; sourceTree = "<group>"; };
		50929EB5151E65F1007E23D3 /* RCPMChannel.m */ = {isa = PBXFileReference; fileEncoding = 4; lastKnownFileType = sourcecode.c.objc; path = RCPMChannel.m; sourceTree = "<group>"; };
		50929EB8151E86FA007E23D3 /* RCiPadViewController.h */ = {isa = PBXFileReference; fileEncoding = 4; lastKnownFileType = sourcecode.c.h; path = RCiPadViewController.h; sourceTree = "<group>"; };
		50929EB9151E86FA007E23D3 /* RCiPadViewController.m */ = {isa = PBXFileReference; fileEncoding = 4; lastKnownFileType = sourcecode.c.objc; path = RCiPadViewController.m; sourceTree = "<group>"; };
		50929EC7151F0D2A007E23D3 /* RCNewMessagesBubble.h */ = {isa = PBXFileReference; fileEncoding = 4; lastKnownFileType = sourcecode.c.h; path = RCNewMessagesBubble.h; sourceTree = "<group>"; };
		50929EC8151F0D2B007E23D3 /* RCNewMessagesBubble.m */ = {isa = PBXFileReference; fileEncoding = 4; lastKnownFileType = sourcecode.c.objc; path = RCNewMessagesBubble.m; sourceTree = "<group>"; };
		50A7FB7C14C0F0A800ABADEA /* Relay.app */ = {isa = PBXFileReference; explicitFileType = wrapper.application; includeInIndex = 0; path = Relay.app; sourceTree = BUILT_PRODUCTS_DIR; };
		50A7FB8014C0F0A800ABADEA /* UIKit.framework */ = {isa = PBXFileReference; lastKnownFileType = wrapper.framework; name = UIKit.framework; path = System/Library/Frameworks/UIKit.framework; sourceTree = SDKROOT; };
		50A7FB8214C0F0A800ABADEA /* Foundation.framework */ = {isa = PBXFileReference; lastKnownFileType = wrapper.framework; name = Foundation.framework; path = System/Library/Frameworks/Foundation.framework; sourceTree = SDKROOT; };
		50A7FB8414C0F0A800ABADEA /* CoreGraphics.framework */ = {isa = PBXFileReference; lastKnownFileType = wrapper.framework; name = CoreGraphics.framework; path = System/Library/Frameworks/CoreGraphics.framework; sourceTree = SDKROOT; };
		50A7FB8A14C0F0A800ABADEA /* en */ = {isa = PBXFileReference; lastKnownFileType = text.plist.strings; name = en; path = en.lproj/InfoPlist.strings; sourceTree = "<group>"; };
		50A7FB9614C0F0A800ABADEA /* en */ = {isa = PBXFileReference; lastKnownFileType = file.xib; name = en; path = en.lproj/RCViewController_iPhone.xib; sourceTree = "<group>"; };
		50A7FB9914C0F0A800ABADEA /* en */ = {isa = PBXFileReference; lastKnownFileType = file.xib; name = en; path = en.lproj/RCViewController_iPad.xib; sourceTree = "<group>"; };
		50A7FBB214C0FAB700ABADEA /* QuartzCore.framework */ = {isa = PBXFileReference; lastKnownFileType = wrapper.framework; name = QuartzCore.framework; path = System/Library/Frameworks/QuartzCore.framework; sourceTree = SDKROOT; };
		50AAE7E5151AD6A500E631FD /* RCTextField.h */ = {isa = PBXFileReference; fileEncoding = 4; lastKnownFileType = sourcecode.c.h; path = RCTextField.h; sourceTree = "<group>"; };
		50AAE7E6151AD6A500E631FD /* RCTextField.m */ = {isa = PBXFileReference; fileEncoding = 4; lastKnownFileType = sourcecode.c.objc; path = RCTextField.m; sourceTree = "<group>"; };
		50AAE7E8151AD8B900E631FD /* RCAddCell.h */ = {isa = PBXFileReference; fileEncoding = 4; lastKnownFileType = sourcecode.c.h; path = RCAddCell.h; sourceTree = "<group>"; };
		50AAE7E9151AD8B900E631FD /* RCAddCell.m */ = {isa = PBXFileReference; fileEncoding = 4; lastKnownFileType = sourcecode.c.objc; path = RCAddCell.m; sourceTree = "<group>"; };
		50AAE7EB151ADDAB00E631FD /* 0_r_shadow@2x.png */ = {isa = PBXFileReference; lastKnownFileType = image.png; path = "0_r_shadow@2x.png"; sourceTree = "<group>"; };
		50AAE7EC151ADDAB00E631FD /* 0_r_shadow.png */ = {isa = PBXFileReference; lastKnownFileType = image.png; path = 0_r_shadow.png; sourceTree = "<group>"; };
		50B0DB21154233EB00689EDC /* RCKeychainItem.h */ = {isa = PBXFileReference; lastKnownFileType = sourcecode.c.h; path = RCKeychainItem.h; sourceTree = "<group>"; };
		50E49229152284F300EF676B /* 0_divider.png */ = {isa = PBXFileReference; lastKnownFileType = image.png; path = 0_divider.png; sourceTree = "<group>"; };
		50E4922A152284F400EF676B /* 0_divider@2x.png */ = {isa = PBXFileReference; lastKnownFileType = image.png; path = "0_divider@2x.png"; sourceTree = "<group>"; };
		50E492321522A27300EF676B /* 0_navbar_landscape.png */ = {isa = PBXFileReference; lastKnownFileType = image.png; path = 0_navbar_landscape.png; sourceTree = "<group>"; };
		50E492331522A27500EF676B /* 0_navbar_landscape@2x.png */ = {isa = PBXFileReference; lastKnownFileType = image.png; path = "0_navbar_landscape@2x.png"; sourceTree = "<group>"; };
		50E77A641505A17800E75C64 /* RCViewController.h */ = {isa = PBXFileReference; lastKnownFileType = sourcecode.c.h; path = RCViewController.h; sourceTree = "<group>"; };
		50E77A651505A17800E75C64 /* RCViewController.m */ = {isa = PBXFileReference; lastKnownFileType = sourcecode.c.objc; path = RCViewController.m; sourceTree = "<group>"; };
		50E77A661505A18700E75C64 /* RCChatPanel.h */ = {isa = PBXFileReference; lastKnownFileType = sourcecode.c.h; path = RCChatPanel.h; sourceTree = "<group>"; };
		50E77A671505A18700E75C64 /* RCChatPanel.m */ = {isa = PBXFileReference; lastKnownFileType = sourcecode.c.objc; path = RCChatPanel.m; sourceTree = "<group>"; };
		50E77A681505A1AC00E75C64 /* RCChatCell.h */ = {isa = PBXFileReference; lastKnownFileType = sourcecode.c.h; path = RCChatCell.h; sourceTree = "<group>"; };
		50E77A691505A1AC00E75C64 /* RCChatCell.m */ = {isa = PBXFileReference; lastKnownFileType = sourcecode.c.objc; path = RCChatCell.m; sourceTree = "<group>"; };
		50E77A6A1505A1B500E75C64 /* RCChannelBubble.h */ = {isa = PBXFileReference; lastKnownFileType = sourcecode.c.h; path = RCChannelBubble.h; sourceTree = "<group>"; };
		50E77A6B1505A1B500E75C64 /* RCChannelBubble.m */ = {isa = PBXFileReference; lastKnownFileType = sourcecode.c.objc; path = RCChannelBubble.m; sourceTree = "<group>"; };
		50E77A6C1505A1BE00E75C64 /* RCChannelScrollView.h */ = {isa = PBXFileReference; lastKnownFileType = sourcecode.c.h; path = RCChannelScrollView.h; sourceTree = "<group>"; };
		50E77A6D1505A1BE00E75C64 /* RCChannelScrollView.m */ = {isa = PBXFileReference; lastKnownFileType = sourcecode.c.objc; path = RCChannelScrollView.m; sourceTree = "<group>"; };
		50E77A6E1505A1CF00E75C64 /* RCNavigationBar.h */ = {isa = PBXFileReference; lastKnownFileType = sourcecode.c.h; path = RCNavigationBar.h; sourceTree = "<group>"; };
		50E77A6F1505A1CF00E75C64 /* RCNavigationBar.m */ = {isa = PBXFileReference; lastKnownFileType = sourcecode.c.objc; path = RCNavigationBar.m; sourceTree = "<group>"; };
		50E77A701505A1D800E75C64 /* RCNavigator.h */ = {isa = PBXFileReference; lastKnownFileType = sourcecode.c.h; path = RCNavigator.h; sourceTree = "<group>"; };
		50E77A711505A1D800E75C64 /* RCNavigator.m */ = {isa = PBXFileReference; lastKnownFileType = sourcecode.c.objc; path = RCNavigator.m; sourceTree = "<group>"; };
		50E77A721505A1E300E75C64 /* RCTitleLabel.h */ = {isa = PBXFileReference; lastKnownFileType = sourcecode.c.h; path = RCTitleLabel.h; sourceTree = "<group>"; };
		50E77A731505A1E300E75C64 /* RCTitleLabel.m */ = {isa = PBXFileReference; lastKnownFileType = sourcecode.c.objc; path = RCTitleLabel.m; sourceTree = "<group>"; };
		50E77A741505A1EC00E75C64 /* RCAddNetworkController.h */ = {isa = PBXFileReference; lastKnownFileType = sourcecode.c.h; path = RCAddNetworkController.h; sourceTree = "<group>"; };
		50E77A751505A1EC00E75C64 /* RCAddNetworkController.m */ = {isa = PBXFileReference; lastKnownFileType = sourcecode.c.objc; path = RCAddNetworkController.m; sourceTree = "<group>"; };
		50E77A761505A21500E75C64 /* NSString+Comparing.h */ = {isa = PBXFileReference; lastKnownFileType = sourcecode.c.h; path = "NSString+Comparing.h"; sourceTree = "<group>"; };
		50E77A771505A21500E75C64 /* NSString+Comparing.m */ = {isa = PBXFileReference; lastKnownFileType = sourcecode.c.objc; path = "NSString+Comparing.m"; sourceTree = "<group>"; };
		50E77A781505A21500E75C64 /* RCAppDelegate.h */ = {isa = PBXFileReference; lastKnownFileType = sourcecode.c.h; path = RCAppDelegate.h; sourceTree = "<group>"; };
		50E77A791505A21500E75C64 /* RCAppDelegate.m */ = {isa = PBXFileReference; lastKnownFileType = sourcecode.c.objc; path = RCAppDelegate.m; sourceTree = "<group>"; };
		50E77A7A1505A21500E75C64 /* RCChannel.h */ = {isa = PBXFileReference; lastKnownFileType = sourcecode.c.h; path = RCChannel.h; sourceTree = "<group>"; };
		50E77A7B1505A21500E75C64 /* RCChannel.m */ = {isa = PBXFileReference; lastKnownFileType = sourcecode.c.objc; path = RCChannel.m; sourceTree = "<group>"; };
		50E77A7C1505A21500E75C64 /* RCConsoleChannel.h */ = {isa = PBXFileReference; lastKnownFileType = sourcecode.c.h; path = RCConsoleChannel.h; sourceTree = "<group>"; };
		50E77A7D1505A21500E75C64 /* RCConsoleChannel.m */ = {isa = PBXFileReference; lastKnownFileType = sourcecode.c.objc; path = RCConsoleChannel.m; sourceTree = "<group>"; };
		50E77A7E1505A21500E75C64 /* RCMessage.h */ = {isa = PBXFileReference; lastKnownFileType = sourcecode.c.h; path = RCMessage.h; sourceTree = "<group>"; };
		50E77A7F1505A21500E75C64 /* RCMessage.m */ = {isa = PBXFileReference; lastKnownFileType = sourcecode.c.objc; path = RCMessage.m; sourceTree = "<group>"; };
		50E77A801505A21500E75C64 /* RCNetwork.h */ = {isa = PBXFileReference; lastKnownFileType = sourcecode.c.h; path = RCNetwork.h; sourceTree = "<group>"; };
		50E77A811505A21500E75C64 /* RCNetwork.m */ = {isa = PBXFileReference; lastKnownFileType = sourcecode.c.objc; path = RCNetwork.m; sourceTree = "<group>"; };
		50E77A821505A21500E75C64 /* RCNetworkManager.h */ = {isa = PBXFileReference; lastKnownFileType = sourcecode.c.h; path = RCNetworkManager.h; sourceTree = "<group>"; };
		50E77A831505A21500E75C64 /* RCNetworkManager.m */ = {isa = PBXFileReference; lastKnownFileType = sourcecode.c.objc; path = RCNetworkManager.m; sourceTree = "<group>"; };
		50E77A841505A21500E75C64 /* RCWelcomeNetwork.h */ = {isa = PBXFileReference; lastKnownFileType = sourcecode.c.h; path = RCWelcomeNetwork.h; sourceTree = "<group>"; };
		50E77A851505A21500E75C64 /* RCWelcomeNetwork.m */ = {isa = PBXFileReference; lastKnownFileType = sourcecode.c.objc; path = RCWelcomeNetwork.m; sourceTree = "<group>"; };
		50E77A861505A22100E75C64 /* NSAttributedString+Attributes.h */ = {isa = PBXFileReference; lastKnownFileType = sourcecode.c.h; path = "NSAttributedString+Attributes.h"; sourceTree = "<group>"; };
		50E77A871505A22100E75C64 /* NSAttributedString+Attributes.m */ = {isa = PBXFileReference; lastKnownFileType = sourcecode.c.objc; path = "NSAttributedString+Attributes.m"; sourceTree = "<group>"; };
		50E77A881505A22800E75C64 /* OHAttributedLabel.h */ = {isa = PBXFileReference; lastKnownFileType = sourcecode.c.h; path = OHAttributedLabel.h; sourceTree = "<group>"; };
		50E77A891505A22800E75C64 /* OHAttributedLabel.m */ = {isa = PBXFileReference; lastKnownFileType = sourcecode.c.objc; path = OHAttributedLabel.m; sourceTree = "<group>"; };
		50E77A8A1505A23700E75C64 /* TestFlight.h */ = {isa = PBXFileReference; lastKnownFileType = sourcecode.c.h; path = TestFlight.h; sourceTree = "<group>"; };
		50E77A8B1505A27800E75C64 /* Relay.h */ = {isa = PBXFileReference; lastKnownFileType = sourcecode.c.h; path = Relay.h; sourceTree = "<group>"; };
		50E77A8C1505A28400E75C64 /* Relay-Info.plist */ = {isa = PBXFileReference; fileEncoding = 4; lastKnownFileType = text.plist.xml; path = "Relay-Info.plist"; sourceTree = "<group>"; };
		50E77A8E1505A29100E75C64 /* main.m */ = {isa = PBXFileReference; fileEncoding = 4; lastKnownFileType = sourcecode.c.objc; path = main.m; sourceTree = "<group>"; };
		50E77A901505A2C300E75C64 /* Relay-Prefix.pch */ = {isa = PBXFileReference; lastKnownFileType = sourcecode.c.h; path = "Relay-Prefix.pch"; sourceTree = "<group>"; };
		50EEDA221512C6150011618C /* 0_regulares.png */ = {isa = PBXFileReference; lastKnownFileType = image.png; path = 0_regulares.png; sourceTree = "<group>"; };
		50EEDA231512C6150011618C /* 0_regulares@2x.png */ = {isa = PBXFileReference; lastKnownFileType = image.png; path = "0_regulares@2x.png"; sourceTree = "<group>"; };
		50EEDA271512C8540011618C /* 0_ops.png */ = {isa = PBXFileReference; lastKnownFileType = image.png; path = 0_ops.png; sourceTree = "<group>"; };
		50EEDA281512C8540011618C /* 0_ops@2x.png */ = {isa = PBXFileReference; lastKnownFileType = image.png; path = "0_ops@2x.png"; sourceTree = "<group>"; };
		50EEDA2B1512C92F0011618C /* 0_mListr.png */ = {isa = PBXFileReference; lastKnownFileType = image.png; path = 0_mListr.png; sourceTree = "<group>"; };
		50EEDA2F1512CA520011618C /* 0_mListr@2x.png */ = {isa = PBXFileReference; lastKnownFileType = image.png; path = "0_mListr@2x.png"; sourceTree = "<group>"; };
/* End PBXFileReference section */

/* Begin PBXFrameworksBuildPhase section */
		50A7FB7914C0F0A800ABADEA /* Frameworks */ = {
			isa = PBXFrameworksBuildPhase;
			buildActionMask = 2147483647;
			files = (
				504C9B6D152D1E5A00F091B2 /* Security.framework in Frameworks */,
				503399AE150590D7004C4D28 /* libTestFlight.a in Frameworks */,
				50221BA414EF6CB800C7AF58 /* CoreText.framework in Frameworks */,
				5088C0E014C4F89C001ADD06 /* CFNetwork.framework in Frameworks */,
				50A7FBB314C0FAB800ABADEA /* QuartzCore.framework in Frameworks */,
				50A7FB8114C0F0A800ABADEA /* UIKit.framework in Frameworks */,
				50A7FB8314C0F0A800ABADEA /* Foundation.framework in Frameworks */,
				50A7FB8514C0F0A800ABADEA /* CoreGraphics.framework in Frameworks */,
			);
			runOnlyForDeploymentPostprocessing = 0;
		};
/* End PBXFrameworksBuildPhase section */

/* Begin PBXGroup section */
		503D4E7A14F18491002E5E38 /* Imports */ = {
			isa = PBXGroup;
			children = (
				50E77A8A1505A23700E75C64 /* TestFlight.h */,
				50E77A881505A22800E75C64 /* OHAttributedLabel.h */,
				50E77A891505A22800E75C64 /* OHAttributedLabel.m */,
				50E77A861505A22100E75C64 /* NSAttributedString+Attributes.h */,
				50E77A871505A22100E75C64 /* NSAttributedString+Attributes.m */,
			);
			name = Imports;
			sourceTree = "<group>";
		};
		50A7FB7114C0F0A800ABADEA = {
			isa = PBXGroup;
			children = (
				50A7FB8614C0F0A800ABADEA /* Relay */,
				50A7FB7F14C0F0A800ABADEA /* Frameworks */,
				50A7FB7D14C0F0A800ABADEA /* Products */,
			);
			sourceTree = "<group>";
		};
		50A7FB7D14C0F0A800ABADEA /* Products */ = {
			isa = PBXGroup;
			children = (
				50A7FB7C14C0F0A800ABADEA /* Relay.app */,
			);
			name = Products;
			sourceTree = "<group>";
		};
		50A7FB7F14C0F0A800ABADEA /* Frameworks */ = {
			isa = PBXGroup;
			children = (
				503399AC15057D0D004C4D28 /* libTestFlight.a */,
				504C9B6C152D1E5A00F091B2 /* Security.framework */,
				50221BA314EF6CB800C7AF58 /* CoreText.framework */,
				5088C0DF14C4F89C001ADD06 /* CFNetwork.framework */,
				50A7FBB214C0FAB700ABADEA /* QuartzCore.framework */,
				50A7FB8014C0F0A800ABADEA /* UIKit.framework */,
				50A7FB8214C0F0A800ABADEA /* Foundation.framework */,
				50A7FB8414C0F0A800ABADEA /* CoreGraphics.framework */,
			);
			name = Frameworks;
			sourceTree = "<group>";
		};
		50A7FB8614C0F0A800ABADEA /* Relay */ = {
			isa = PBXGroup;
			children = (
				506944C6152813530096140C /* Relay.entitlements */,
				50E77A8B1505A27800E75C64 /* Relay.h */,
				50A7FBA914C0F7DC00ABADEA /* UI */,
				50A7FBAA14C0F7E200ABADEA /* Backend */,
				503D4E7A14F18491002E5E38 /* Imports */,
				50A7FB8714C0F0A800ABADEA /* Supporting Files */,
			);
			path = Relay;
			sourceTree = "<group>";
		};
		50A7FB8714C0F0A800ABADEA /* Supporting Files */ = {
			isa = PBXGroup;
			children = (
				504CC33F151C4C6200605706 /* 0_bluebar_glow.png */,
				504CC340151C4C6300605706 /* 0_bluebar_glow@2x.png */,
				504CC341151C4C6300605706 /* 0_bluebar_noglow.png */,
				504CC342151C4C6400605706 /* 0_bluebar_noglow@2x.png */,
				504CC343151C4C6500605706 /* 0_normalbar.png */,
				504CC344151C4C6600605706 /* 0_normalbar@2x.png */,
				504CC345151C4C6600605706 /* 0_redbar_glow.png */,
				504CC346151C4C6700605706 /* 0_redbar_glow@2x.png */,
				504CC347151C4C6900605706 /* 0_redbar_noglow.png */,
				504CC348151C4C6A00605706 /* 0_redbar_noglow@2x.png */,
				504CC327151C450A00605706 /* 0_rednotification_glow.png */,
				504CC328151C450A00605706 /* 0_rednotification_glow@2x.png */,
				504CC329151C450B00605706 /* 0_rednotification_noglow.png */,
				504CC32A151C450B00605706 /* 0_rednotification_noglow@2x.png */,
				50AAE7EB151ADDAB00E631FD /* 0_r_shadow@2x.png */,
				50AAE7EC151ADDAB00E631FD /* 0_r_shadow.png */,
				50472B81151ABDEA0083D691 /* 0_toggle@2x.png */,
				50472B82151ABDEA0083D691 /* 0_toggle.png */,
				504B4DBE151D40BB0082A44D /* 0_addnav.png */,
				504B4DBF151D40BB0082A44D /* 0_addnav@2x.png */,
				50381AAC1519802E00BE93CE /* 0_cancelbutton_normal.png */,
				50381AAD1519802F00BE93CE /* 0_cancelbutton_normal@2x.png */,
				50381AB01519802F00BE93CE /* 0_donebutton_disabled.png */,
				50381AB11519803000BE93CE /* 0_donebutton_disabled@2x.png */,
				50381AB21519803000BE93CE /* 0_donebutton_normal.png */,
				50381AB31519803000BE93CE /* 0_donebutton_normal@2x.png */,
				504CC2ED151C0B1E00605706 /* 0_cancelbutton_pressed.png */,
				504CC2EE151C0B1F00605706 /* 0_cancelbutton_pressed@2x.png */,
				504CC2EF151C0B1F00605706 /* 0_donebutton_pressed.png */,
				504CC2F0151C0B2000605706 /* 0_donebutton_pressed@2x.png */,
				50381AB61519803000BE93CE /* 0_toggleind_normal.png */,
				50381AB71519803000BE93CE /* 0_toggleind_normal@2x.png */,
				50381AB81519803000BE93CE /* 0_toggleind_pressed.png */,
				50381AB91519803000BE93CE /* 0_toggleind_pressed@2x.png */,
				50381ABA1519803100BE93CE /* 0_toggleoff.png */,
				50381ABB1519803100BE93CE /* 0_toggleoff@2x.png */,
				50381ABC1519803100BE93CE /* 0_toggleon.png */,
				50381ABD1519803100BE93CE /* 0_toggleon@2x.png */,
				502F0E29151577F70019CA24 /* 0_chatcell_9@2x.png */,
				502F0E2A151577F70019CA24 /* 0_chatcell_9.png */,
				502F0E211515732E0019CA24 /* Icon.png */,
				502F0E221515732E0019CA24 /* Icon@2x.png */,
				50EEDA2B1512C92F0011618C /* 0_mListr.png */,
				50EEDA2F1512CA520011618C /* 0_mListr@2x.png */,
				50EEDA271512C8540011618C /* 0_ops.png */,
				50EEDA281512C8540011618C /* 0_ops@2x.png */,
				502F0E37151588390019CA24 /* 0_@_user.png */,
				502F0E38151588390019CA24 /* 0_@_user@2x.png */,
				502F0E39151588390019CA24 /* 0_&_user.png */,
				502F0E3A151588390019CA24 /* 0_&_user@2x.png */,
				502F0E3B151588390019CA24 /* 0_%_user.png */,
				502F0E3C151588390019CA24 /* 0_%_user@2x.png */,
				502F0E3D151588390019CA24 /* 0_+_user.png */,
				502F0E3E151588390019CA24 /* 0_+_user@2x.png */,
				502F0E3F151588390019CA24 /* 0_~_user.png */,
				502F0E40151588390019CA24 /* 0_~_user@2x.png */,
				50EEDA221512C6150011618C /* 0_regulares.png */,
				50EEDA231512C6150011618C /* 0_regulares@2x.png */,
				504CC2F9151C382A00605706 /* 0_shadow_q.png */,
				504CC2FA151C382A00605706 /* 0_shadow_q@2x.png */,
				501F2B2F15098C6C0099C9C3 /* 0_shadow_t.png */,
				501F2B3015098C6C0099C9C3 /* 0_shadow_t@2x.png */,
				504CC311151C40EB00605706 /* 0_input@2x.png */,
				504CC312151C40EC00605706 /* 0_input.png */,
				503399E61505A0EC004C4D28 /* shadow.png */,
				503399E71505A0EC004C4D28 /* shadow@2x.png */,
				5049387814FB187D003221FC /* 0_joinbar.png */,
				5049387914FB187D003221FC /* 0_joinbar@2x.png */,
				5049387014FAC487003221FC /* 0_chatcell@2x.png */,
				5049387114FAC487003221FC /* 0_chatcell.png */,
				50711B3715156C440022CA68 /* 0_chatcell_2.png */,
				50711B3815156C440022CA68 /* 0_chatcell_2@2x.png */,
				50711B3915156C450022CA68 /* 0_chatcell_3.png */,
				50711B3A15156C470022CA68 /* 0_chatcell_3@2x.png */,
				50711B3B15156C490022CA68 /* 0_chatcell_4.png */,
				50711B3C15156C4C0022CA68 /* 0_chatcell_4@2x.png */,
				50711B3D15156C500022CA68 /* 0_chatcell_5.png */,
				50711B3E15156C550022CA68 /* 0_chatcell_5@2x.png */,
				50711B3F15156C5A0022CA68 /* 0_chatcell_6.png */,
				50711B4015156C600022CA68 /* 0_chatcell_6@2x.png */,
				502F0E1815156EFE0019CA24 /* 0_chatcell_7.png */,
				502F0E1915156EFE0019CA24 /* 0_chatcell_7@2x.png */,
				502F0E1A15156EFE0019CA24 /* 0_chatcell_8.png */,
				502F0E1B15156EFE0019CA24 /* 0_chatcell_8@2x.png */,
				503050161521389B002AAA44 /* 0_chatcell_10.png */,
				503050171521389B002AAA44 /* 0_chatcell_10@2x.png */,
				503050181521389B002AAA44 /* 0_chatcell_11.png */,
				503050191521389B002AAA44 /* 0_chatcell_11@2x.png */,
				5030501A1521389B002AAA44 /* 0_chatcell_12.png */,
				5030501B1521389B002AAA44 /* 0_chatcell_12@2x.png */,
				5049385C14FAAAE3003221FC /* 0_bble.png */,
				5049385D14FAAAE3003221FC /* 0_bble@2x.png */,
				50468A8B1527E46D0025F405 /* 0_input_l.png */,
				50468A8C1527E46D0025F405 /* 0_input_l@2x.png */,
				5049385E14FAAAE3003221FC /* 0_bg.png */,
				5049385F14FAAAE3003221FC /* 0_bg@2x.png */,
				504B4DB6151D39DD0082A44D /* 0_chanbar@2x.png */,
				504B4DB7151D39DD0082A44D /* 0_chanbar.png */,
				504B4DBA151D3A040082A44D /* 0_navbar.png */,
				504B4DBB151D3A040082A44D /* 0_navbar@2x.png */,
				5049386014FAAAE3003221FC /* 0_chanbar_old.png */,
				5049386114FAAAE3003221FC /* 0_chanbar_old@2x.png */,
				504CC319151C422400605706 /* 0_navbar_old.png */,
				504CC31A151C422400605706 /* 0_navbar_old@2x.png */,
				5049385714FAAAD3003221FC /* 0_chatcell.png */,
				5049385814FAAAD3003221FC /* 0_chatcell@2x.png */,
				50E49229152284F300EF676B /* 0_divider.png */,
				50E4922A152284F400EF676B /* 0_divider@2x.png */,
				50E492321522A27300EF676B /* 0_navbar_landscape.png */,
				50E492331522A27500EF676B /* 0_navbar_landscape@2x.png */,
				50A7FB9514C0F0A800ABADEA /* RCViewController_iPhone.xib */,
				50A7FB9814C0F0A800ABADEA /* RCViewController_iPad.xib */,
				50E77A8C1505A28400E75C64 /* Relay-Info.plist */,
				50A7FB8914C0F0A800ABADEA /* InfoPlist.strings */,
				50E77A8E1505A29100E75C64 /* main.m */,
				50E77A901505A2C300E75C64 /* Relay-Prefix.pch */,
			);
			name = "Supporting Files";
			sourceTree = "<group>";
		};
		50A7FBA914C0F7DC00ABADEA /* UI */ = {
			isa = PBXGroup;
			children = (
				50929EB8151E86FA007E23D3 /* RCiPadViewController.h */,
				50929EB9151E86FA007E23D3 /* RCiPadViewController.m */,
				50E77A641505A17800E75C64 /* RCViewController.h */,
				50E77A651505A17800E75C64 /* RCViewController.m */,
				50E77A661505A18700E75C64 /* RCChatPanel.h */,
				50E77A671505A18700E75C64 /* RCChatPanel.m */,
				50E77A681505A1AC00E75C64 /* RCChatCell.h */,
				50E77A691505A1AC00E75C64 /* RCChatCell.m */,
				503790F81512BD4100EE2A7E /* RCUserTableCell.h */,
				503790F91512BD4100EE2A7E /* RCUserTableCell.m */,
				50E77A6A1505A1B500E75C64 /* RCChannelBubble.h */,
				50E77A6B1505A1B500E75C64 /* RCChannelBubble.m */,
				50E77A6C1505A1BE00E75C64 /* RCChannelScrollView.h */,
				50E77A6D1505A1BE00E75C64 /* RCChannelScrollView.m */,
				50E77A6E1505A1CF00E75C64 /* RCNavigationBar.h */,
				50E77A6F1505A1CF00E75C64 /* RCNavigationBar.m */,
				50E77A701505A1D800E75C64 /* RCNavigator.h */,
				50E77A711505A1D800E75C64 /* RCNavigator.m */,
				50E77A721505A1E300E75C64 /* RCTitleLabel.h */,
				50E77A731505A1E300E75C64 /* RCTitleLabel.m */,
				50E77A741505A1EC00E75C64 /* RCAddNetworkController.h */,
				50E77A751505A1EC00E75C64 /* RCAddNetworkController.m */,
				501F2B3B150995DE0099C9C3 /* RCTableView.h */,
				501F2B3C150995DE0099C9C3 /* RCTableView.m */,
				50472B75151AA6820083D691 /* RCSwitch.h */,
				50472B76151AA6820083D691 /* RCSwitch.m */,
				50AAE7E5151AD6A500E631FD /* RCTextField.h */,
				50AAE7E6151AD6A500E631FD /* RCTextField.m */,
				50AAE7E8151AD8B900E631FD /* RCAddCell.h */,
				50AAE7E9151AD8B900E631FD /* RCAddCell.m */,
				504CC33C151C457D00605706 /* RCBarGroup.h */,
				504CC33D151C457D00605706 /* RCBarGroup.m */,
				504CC353151C50C100605706 /* RCBar.h */,
				504CC354151C50C100605706 /* RCBar.m */,
				50929EC7151F0D2A007E23D3 /* RCNewMessagesBubble.h */,
				50929EC8151F0D2B007E23D3 /* RCNewMessagesBubble.m */,
			);
			name = UI;
			sourceTree = "<group>";
		};
		50A7FBAA14C0F7E200ABADEA /* Backend */ = {
			isa = PBXGroup;
			children = (
				50E77A761505A21500E75C64 /* NSString+Comparing.h */,
				50E77A771505A21500E75C64 /* NSString+Comparing.m */,
				50E77A781505A21500E75C64 /* RCAppDelegate.h */,
				50E77A791505A21500E75C64 /* RCAppDelegate.m */,
				50E77A7A1505A21500E75C64 /* RCChannel.h */,
				50E77A7B1505A21500E75C64 /* RCChannel.m */,
				50929EB4151E65F1007E23D3 /* RCPMChannel.h */,
				50929EB5151E65F1007E23D3 /* RCPMChannel.m */,
				50E77A7C1505A21500E75C64 /* RCConsoleChannel.h */,
				50E77A7D1505A21500E75C64 /* RCConsoleChannel.m */,
				50E77A7E1505A21500E75C64 /* RCMessage.h */,
				50E77A7F1505A21500E75C64 /* RCMessage.m */,
				503742271511478300F4DA1A /* RCUserListPanel.h */,
				503742281511478300F4DA1A /* RCUserListPanel.m */,
				50E77A801505A21500E75C64 /* RCNetwork.h */,
				50E77A811505A21500E75C64 /* RCNetwork.m */,
				50E77A821505A21500E75C64 /* RCNetworkManager.h */,
				50E77A831505A21500E75C64 /* RCNetworkManager.m */,
				50E77A841505A21500E75C64 /* RCWelcomeNetwork.h */,
				50E77A851505A21500E75C64 /* RCWelcomeNetwork.m */,
				50B0DB21154233EB00689EDC /* RCKeychainItem.h */,
				504349FC152CEEDD0037BD12 /* RCKeychainItem.m */,
			);
			name = Backend;
			sourceTree = "<group>";
		};
/* End PBXGroup section */

/* Begin PBXNativeTarget section */
		50A7FB7B14C0F0A800ABADEA /* Relay */ = {
			isa = PBXNativeTarget;
			buildConfigurationList = 50A7FB9D14C0F0A800ABADEA /* Build configuration list for PBXNativeTarget "Relay" */;
			buildPhases = (
				50A7FB7814C0F0A800ABADEA /* Sources */,
				50A7FB7914C0F0A800ABADEA /* Frameworks */,
				50A7FB7A14C0F0A800ABADEA /* Resources */,
			);
			buildRules = (
			);
			dependencies = (
			);
			name = Relay;
			productName = Relay;
			productReference = 50A7FB7C14C0F0A800ABADEA /* Relay.app */;
			productType = "com.apple.product-type.application";
		};
/* End PBXNativeTarget section */

/* Begin PBXProject section */
		50A7FB7314C0F0A800ABADEA /* Project object */ = {
			isa = PBXProject;
			attributes = {
				LastUpgradeCheck = 0430;
				ORGANIZATIONNAME = "American Heritage School";
			};
			buildConfigurationList = 50A7FB7614C0F0A800ABADEA /* Build configuration list for PBXProject "Relay" */;
			compatibilityVersion = "Xcode 3.2";
			developmentRegion = English;
			hasScannedForEncodings = 0;
			knownRegions = (
				en,
			);
			mainGroup = 50A7FB7114C0F0A800ABADEA;
			productRefGroup = 50A7FB7D14C0F0A800ABADEA /* Products */;
			projectDirPath = "";
			projectRoot = "";
			targets = (
				50A7FB7B14C0F0A800ABADEA /* Relay */,
			);
		};
/* End PBXProject section */

/* Begin PBXResourcesBuildPhase section */
		50A7FB7A14C0F0A800ABADEA /* Resources */ = {
			isa = PBXResourcesBuildPhase;
			buildActionMask = 2147483647;
			files = (
				50A7FB8B14C0F0A800ABADEA /* InfoPlist.strings in Resources */,
				50A7FB9714C0F0A800ABADEA /* RCViewController_iPhone.xib in Resources */,
				50A7FB9A14C0F0A800ABADEA /* RCViewController_iPad.xib in Resources */,
				5049385914FAAAD3003221FC /* 0_chatcell.png in Resources */,
				5049385A14FAAAD3003221FC /* 0_chatcell@2x.png in Resources */,
				5049386614FAAAE3003221FC /* 0_bble.png in Resources */,
				5049386714FAAAE3003221FC /* 0_bble@2x.png in Resources */,
				5049386814FAAAE3003221FC /* 0_bg.png in Resources */,
				5049386914FAAAE3003221FC /* 0_bg@2x.png in Resources */,
				5049386A14FAAAE3003221FC /* 0_chanbar_old.png in Resources */,
				5049386B14FAAAE3003221FC /* 0_chanbar_old@2x.png in Resources */,
				5049387A14FB187D003221FC /* 0_joinbar.png in Resources */,
				5049387B14FB187D003221FC /* 0_joinbar@2x.png in Resources */,
				501F2B3115098C6C0099C9C3 /* 0_shadow_t.png in Resources */,
				501F2B3215098C6C0099C9C3 /* 0_shadow_t@2x.png in Resources */,
				50EEDA241512C6150011618C /* 0_regulares.png in Resources */,
				50EEDA251512C6150011618C /* 0_regulares@2x.png in Resources */,
				50EEDA291512C8540011618C /* 0_ops.png in Resources */,
				50EEDA2A1512C8540011618C /* 0_ops@2x.png in Resources */,
				50EEDA2D1512C92F0011618C /* 0_mListr.png in Resources */,
				50EEDA301512CA520011618C /* 0_mListr@2x.png in Resources */,
				50711B4115156C670022CA68 /* 0_chatcell_2.png in Resources */,
				50711B4215156C670022CA68 /* 0_chatcell_2@2x.png in Resources */,
				50711B4315156C670022CA68 /* 0_chatcell_3.png in Resources */,
				50711B4415156C670022CA68 /* 0_chatcell_3@2x.png in Resources */,
				50711B4515156C670022CA68 /* 0_chatcell_4.png in Resources */,
				50711B4615156C670022CA68 /* 0_chatcell_4@2x.png in Resources */,
				50711B4715156C670022CA68 /* 0_chatcell_5.png in Resources */,
				50711B4815156C670022CA68 /* 0_chatcell_5@2x.png in Resources */,
				50711B4915156C670022CA68 /* 0_chatcell_6.png in Resources */,
				50711B4A15156C670022CA68 /* 0_chatcell_6@2x.png in Resources */,
				502F0E1C15156EFE0019CA24 /* 0_chatcell_7.png in Resources */,
				502F0E1D15156EFE0019CA24 /* 0_chatcell_7@2x.png in Resources */,
				502F0E1E15156EFE0019CA24 /* 0_chatcell_8.png in Resources */,
				502F0E1F15156EFE0019CA24 /* 0_chatcell_8@2x.png in Resources */,
				502F0E231515732E0019CA24 /* Icon.png in Resources */,
				502F0E241515732E0019CA24 /* Icon@2x.png in Resources */,
				502F0E2B151577F70019CA24 /* 0_chatcell_9@2x.png in Resources */,
				502F0E2C151577F70019CA24 /* 0_chatcell_9.png in Resources */,
				502F0E41151588390019CA24 /* 0_@_user.png in Resources */,
				502F0E42151588390019CA24 /* 0_@_user@2x.png in Resources */,
				502F0E43151588390019CA24 /* 0_&_user.png in Resources */,
				502F0E44151588390019CA24 /* 0_&_user@2x.png in Resources */,
				502F0E45151588390019CA24 /* 0_%_user.png in Resources */,
				502F0E46151588390019CA24 /* 0_%_user@2x.png in Resources */,
				502F0E47151588390019CA24 /* 0_+_user.png in Resources */,
				502F0E48151588390019CA24 /* 0_+_user@2x.png in Resources */,
				502F0E49151588390019CA24 /* 0_~_user.png in Resources */,
				502F0E4A151588390019CA24 /* 0_~_user@2x.png in Resources */,
				50381AC21519803100BE93CE /* 0_cancelbutton_normal.png in Resources */,
				50381AC31519803100BE93CE /* 0_cancelbutton_normal@2x.png in Resources */,
				50381AC61519803100BE93CE /* 0_donebutton_disabled.png in Resources */,
				50381AC71519803100BE93CE /* 0_donebutton_disabled@2x.png in Resources */,
				50381AC81519803100BE93CE /* 0_donebutton_normal.png in Resources */,
				50381AC91519803100BE93CE /* 0_donebutton_normal@2x.png in Resources */,
				50381ACC1519803100BE93CE /* 0_toggleind_normal.png in Resources */,
				50381ACD1519803100BE93CE /* 0_toggleind_normal@2x.png in Resources */,
				50381ACE1519803100BE93CE /* 0_toggleind_pressed.png in Resources */,
				50381ACF1519803100BE93CE /* 0_toggleind_pressed@2x.png in Resources */,
				50381AD01519803100BE93CE /* 0_toggleoff.png in Resources */,
				50381AD11519803100BE93CE /* 0_toggleoff@2x.png in Resources */,
				50381AD21519803100BE93CE /* 0_toggleon.png in Resources */,
				50381AD31519803100BE93CE /* 0_toggleon@2x.png in Resources */,
				50472B83151ABDEA0083D691 /* 0_toggle@2x.png in Resources */,
				50472B84151ABDEA0083D691 /* 0_toggle.png in Resources */,
				50AAE7ED151ADDAB00E631FD /* 0_r_shadow@2x.png in Resources */,
				50AAE7EE151ADDAB00E631FD /* 0_r_shadow.png in Resources */,
				504CC2F1151C0B2200605706 /* 0_cancelbutton_pressed.png in Resources */,
				504CC2F2151C0B2200605706 /* 0_cancelbutton_pressed@2x.png in Resources */,
				504CC2F3151C0B2200605706 /* 0_donebutton_pressed.png in Resources */,
				504CC2F4151C0B2200605706 /* 0_donebutton_pressed@2x.png in Resources */,
				504CC2FB151C382C00605706 /* 0_shadow_q.png in Resources */,
				504CC2FC151C382C00605706 /* 0_shadow_q@2x.png in Resources */,
				504CC313151C40EE00605706 /* 0_input@2x.png in Resources */,
				504CC314151C40EE00605706 /* 0_input.png in Resources */,
				504CC31B151C422500605706 /* 0_navbar_old.png in Resources */,
				504CC31C151C422500605706 /* 0_navbar_old@2x.png in Resources */,
				504CC335151C450C00605706 /* 0_rednotification_glow.png in Resources */,
				504CC336151C450C00605706 /* 0_rednotification_glow@2x.png in Resources */,
				504CC337151C450C00605706 /* 0_rednotification_noglow.png in Resources */,
				504CC338151C450C00605706 /* 0_rednotification_noglow@2x.png in Resources */,
				504CC349151C4C6A00605706 /* 0_bluebar_glow.png in Resources */,
				504CC34A151C4C6A00605706 /* 0_bluebar_glow@2x.png in Resources */,
				504CC34B151C4C6A00605706 /* 0_bluebar_noglow.png in Resources */,
				504CC34C151C4C6A00605706 /* 0_bluebar_noglow@2x.png in Resources */,
				504CC34D151C4C6A00605706 /* 0_normalbar.png in Resources */,
				504CC34E151C4C6A00605706 /* 0_normalbar@2x.png in Resources */,
				504CC34F151C4C6A00605706 /* 0_redbar_glow.png in Resources */,
				504CC350151C4C6A00605706 /* 0_redbar_glow@2x.png in Resources */,
				504CC351151C4C6A00605706 /* 0_redbar_noglow.png in Resources */,
				504CC352151C4C6A00605706 /* 0_redbar_noglow@2x.png in Resources */,
				504B4DB8151D39DD0082A44D /* 0_chanbar@2x.png in Resources */,
				504B4DB9151D39DD0082A44D /* 0_chanbar.png in Resources */,
				504B4DBC151D3A040082A44D /* 0_navbar.png in Resources */,
				504B4DBD151D3A040082A44D /* 0_navbar@2x.png in Resources */,
				504B4DC0151D40BB0082A44D /* 0_addnav.png in Resources */,
				504B4DC1151D40BB0082A44D /* 0_addnav@2x.png in Resources */,
				5030501C1521389B002AAA44 /* 0_chatcell_10.png in Resources */,
				5030501D1521389B002AAA44 /* 0_chatcell_10@2x.png in Resources */,
				5030501E1521389B002AAA44 /* 0_chatcell_11.png in Resources */,
				5030501F1521389B002AAA44 /* 0_chatcell_11@2x.png in Resources */,
				503050201521389B002AAA44 /* 0_chatcell_12.png in Resources */,
				503050211521389B002AAA44 /* 0_chatcell_12@2x.png in Resources */,
				50E4922D152284F600EF676B /* 0_divider.png in Resources */,
				50E4922E152284F600EF676B /* 0_divider@2x.png in Resources */,
				50E492341522A27A00EF676B /* 0_navbar_landscape.png in Resources */,
				50E492351522A27A00EF676B /* 0_navbar_landscape@2x.png in Resources */,
				50468A8D1527E46D0025F405 /* 0_input_l.png in Resources */,
				50468A8E1527E46D0025F405 /* 0_input_l@2x.png in Resources */,
			);
			runOnlyForDeploymentPostprocessing = 0;
		};
/* End PBXResourcesBuildPhase section */

/* Begin PBXSourcesBuildPhase section */
		50A7FB7814C0F0A800ABADEA /* Sources */ = {
			isa = PBXSourcesBuildPhase;
			buildActionMask = 2147483647;
			files = (
				504C9B6B152D1E0E00F091B2 /* RCKeychainItem.m in Sources */,
				50E77A921505A30400E75C64 /* RCViewController.m in Sources */,
				50E77A931505A30400E75C64 /* RCChatPanel.m in Sources */,
				50E77A941505A30400E75C64 /* RCChatCell.m in Sources */,
				50E77A951505A30400E75C64 /* RCChannelBubble.m in Sources */,
				50E77A961505A30400E75C64 /* RCChannelScrollView.m in Sources */,
				50E77A971505A30400E75C64 /* RCNavigationBar.m in Sources */,
				50E77A981505A30400E75C64 /* RCNavigator.m in Sources */,
				50E77A991505A30400E75C64 /* RCTitleLabel.m in Sources */,
				50E77A9A1505A30400E75C64 /* RCAddNetworkController.m in Sources */,
				50E77A9B1505A30400E75C64 /* NSString+Comparing.m in Sources */,
				50E77A9C1505A30400E75C64 /* RCAppDelegate.m in Sources */,
				50E77A9D1505A30400E75C64 /* RCChannel.m in Sources */,
				50E77A9E1505A30400E75C64 /* RCConsoleChannel.m in Sources */,
				50E77A9F1505A30400E75C64 /* RCMessage.m in Sources */,
				50E77AA01505A30400E75C64 /* RCNetwork.m in Sources */,
				50E77AA11505A30400E75C64 /* RCNetworkManager.m in Sources */,
				50E77AA21505A30400E75C64 /* RCWelcomeNetwork.m in Sources */,
				50E77AA41505A30400E75C64 /* OHAttributedLabel.m in Sources */,
				50E77AA51505A30400E75C64 /* NSAttributedString+Attributes.m in Sources */,
				50E77A8F1505A29100E75C64 /* main.m in Sources */,
				501F2B3D150995DE0099C9C3 /* RCTableView.m in Sources */,
				503742291511478300F4DA1A /* RCUserListPanel.m in Sources */,
				503790FA1512BD4100EE2A7E /* RCUserTableCell.m in Sources */,
				50472B77151AA6820083D691 /* RCSwitch.m in Sources */,
				50AAE7E7151AD6A500E631FD /* RCTextField.m in Sources */,
				50AAE7EA151AD8B900E631FD /* RCAddCell.m in Sources */,
				504CC33E151C457E00605706 /* RCBarGroup.m in Sources */,
				504CC355151C50C200605706 /* RCBar.m in Sources */,
				50929EB6151E65F1007E23D3 /* RCPMChannel.m in Sources */,
				50929EBA151E86FA007E23D3 /* RCiPadViewController.m in Sources */,
				50929EC9151F0D2B007E23D3 /* RCNewMessagesBubble.m in Sources */,
			);
			runOnlyForDeploymentPostprocessing = 0;
		};
/* End PBXSourcesBuildPhase section */

/* Begin PBXVariantGroup section */
		50A7FB8914C0F0A800ABADEA /* InfoPlist.strings */ = {
			isa = PBXVariantGroup;
			children = (
				50A7FB8A14C0F0A800ABADEA /* en */,
			);
			name = InfoPlist.strings;
			sourceTree = "<group>";
		};
		50A7FB9514C0F0A800ABADEA /* RCViewController_iPhone.xib */ = {
			isa = PBXVariantGroup;
			children = (
				50A7FB9614C0F0A800ABADEA /* en */,
			);
			name = RCViewController_iPhone.xib;
			sourceTree = "<group>";
		};
		50A7FB9814C0F0A800ABADEA /* RCViewController_iPad.xib */ = {
			isa = PBXVariantGroup;
			children = (
				50A7FB9914C0F0A800ABADEA /* en */,
			);
			name = RCViewController_iPad.xib;
			sourceTree = "<group>";
		};
/* End PBXVariantGroup section */

/* Begin XCBuildConfiguration section */
		5089B89115040D9F00609381 /* Release copy */ = {
			isa = XCBuildConfiguration;
			buildSettings = {
				ALWAYS_SEARCH_USER_PATHS = NO;
				ARCHS = "$(ARCHS_STANDARD_32_BIT)";
				CODE_SIGN_ENTITLEMENTS = Relay/Relay.entitlements;
				CODE_SIGN_IDENTITY = "iPhone Distribution: deanna shavrick";
				"CODE_SIGN_IDENTITY[sdk=iphoneos*]" = "iPhone Distribution: deanna shavrick";
				COPY_PHASE_STRIP = YES;
				GCC_C_LANGUAGE_STANDARD = gnu99;
				GCC_OPTIMIZATION_LEVEL = 1;
				GCC_VERSION = com.apple.compilers.llvm.clang.1_0;
				GCC_WARN_ABOUT_MISSING_PROTOTYPES = YES;
				GCC_WARN_ABOUT_RETURN_TYPE = YES;
				GCC_WARN_UNUSED_VARIABLE = YES;
				IPHONEOS_DEPLOYMENT_TARGET = 5.0;
				OTHER_CFLAGS = "-DNS_BLOCK_ASSERTIONS=1";
				PROVISIONING_PROFILE = "4C996602-A82C-48D6-9285-EA45B54B89DE";
				"PROVISIONING_PROFILE[sdk=iphoneos*]" = "4C996602-A82C-48D6-9285-EA45B54B89DE";
				SDKROOT = iphoneos;
				TARGETED_DEVICE_FAMILY = "1,2";
				VALIDATE_PRODUCT = YES;
			};
			name = "Release copy";
		};
		5089B89215040D9F00609381 /* Release copy */ = {
			isa = XCBuildConfiguration;
			buildSettings = {
				ALTERNATE_MODE = Entitlements.plist;
				"CODE_SIGN_IDENTITY[sdk=iphoneos*]" = "iPhone Distribution: deanna shavrick";
				GCC_PRECOMPILE_PREFIX_HEADER = YES;
				GCC_PREFIX_HEADER = "Relay/Relay-Prefix.pch";
				GCC_SYMBOLS_PRIVATE_EXTERN = NO;
				INFOPLIST_FILE = "Relay/Relay-Info.plist";
				IPHONEOS_DEPLOYMENT_TARGET = 4.0;
				LIBRARY_SEARCH_PATHS = (
					"$(inherited)",
					"\"$(SRCROOT)/../../Downloads/TestFlightSDK0.8.3\"",
					"\"$(SRCROOT)\"",
					"\"$(SRCROOT)/../../Downloads/TestFlightSDK0.8.2\"",
					"\"$(SDKROOT)/usr/lib/system\"",
				);
				OTHER_LDFLAGS = "-Wl,-no_implicit_dylibs";
				PRODUCT_NAME = "$(TARGET_NAME)";
				"PROVISIONING_PROFILE[sdk=iphoneos*]" = "35DC7837-BBB0-40E7-ADC5-3A60CC72F752";
				STRIP_INSTALLED_PRODUCT = YES;
				WRAPPER_EXTENSION = app;
			};
			name = "Release copy";
		};
		50A7FB9B14C0F0A800ABADEA /* Debug */ = {
			isa = XCBuildConfiguration;
			buildSettings = {
				ALWAYS_SEARCH_USER_PATHS = NO;
				ARCHS = "$(ARCHS_STANDARD_32_BIT)";
				CODE_SIGN_ENTITLEMENTS = Relay/Relay.entitlements;
				"CODE_SIGN_IDENTITY[sdk=iphoneos*]" = "iPhone Distribution: deanna shavrick";
				COPY_PHASE_STRIP = NO;
				GCC_C_LANGUAGE_STANDARD = gnu99;
				GCC_DYNAMIC_NO_PIC = NO;
				GCC_OPTIMIZATION_LEVEL = 1;
				GCC_PREPROCESSOR_DEFINITIONS = (
					"DEBUG=1",
					"$(inherited)",
				);
				GCC_SYMBOLS_PRIVATE_EXTERN = NO;
				GCC_VERSION = com.apple.compilers.llvm.clang.1_0;
				GCC_WARN_ABOUT_MISSING_PROTOTYPES = YES;
				GCC_WARN_ABOUT_RETURN_TYPE = YES;
				GCC_WARN_UNUSED_VARIABLE = YES;
				IPHONEOS_DEPLOYMENT_TARGET = 5.0;
				"PROVISIONING_PROFILE[sdk=iphoneos*]" = "B140CE36-B0F1-4B5D-9C07-61EE2C6745C2";
				SDKROOT = iphoneos;
				STRIP_INSTALLED_PRODUCT = NO;
				TARGETED_DEVICE_FAMILY = "1,2";
			};
			name = Debug;
		};
		50A7FB9C14C0F0A800ABADEA /* Release */ = {
			isa = XCBuildConfiguration;
			buildSettings = {
				ALWAYS_SEARCH_USER_PATHS = NO;
				ARCHS = "$(ARCHS_STANDARD_32_BIT)";
				CODE_SIGN_ENTITLEMENTS = Relay/Relay.entitlements;
				"CODE_SIGN_IDENTITY[sdk=iphoneos*]" = "iPhone Distribution: deanna shavrick";
				COPY_PHASE_STRIP = YES;
				GCC_C_LANGUAGE_STANDARD = gnu99;
				GCC_OPTIMIZATION_LEVEL = 1;
				GCC_VERSION = com.apple.compilers.llvm.clang.1_0;
				GCC_WARN_ABOUT_MISSING_PROTOTYPES = YES;
				GCC_WARN_ABOUT_RETURN_TYPE = YES;
				GCC_WARN_UNUSED_VARIABLE = YES;
				IPHONEOS_DEPLOYMENT_TARGET = 5.0;
				OTHER_CFLAGS = "-DNS_BLOCK_ASSERTIONS=1";
				"PROVISIONING_PROFILE[sdk=iphoneos*]" = "B140CE36-B0F1-4B5D-9C07-61EE2C6745C2";
				SDKROOT = iphoneos;
				TARGETED_DEVICE_FAMILY = "1,2";
				VALIDATE_PRODUCT = YES;
			};
			name = Release;
		};
		50A7FB9E14C0F0A800ABADEA /* Debug */ = {
			isa = XCBuildConfiguration;
			buildSettings = {
				ALTERNATE_MODE = Entitlements.plist;
				CODE_SIGN_IDENTITY = "iPhone Distribution: deanna shavrick";
				"CODE_SIGN_IDENTITY[sdk=iphoneos*]" = "iPhone Developer: deanna shavrick (883972NT79)";
				GCC_PRECOMPILE_PREFIX_HEADER = YES;
				GCC_PREFIX_HEADER = "Relay/Relay-Prefix.pch";
				INFOPLIST_FILE = "Relay/Relay-Info.plist";
				IPHONEOS_DEPLOYMENT_TARGET = 4.0;
				LIBRARY_SEARCH_PATHS = (
					"$(inherited)",
					"\"$(SRCROOT)/../../Downloads/TestFlightSDK0.8.3\"",
					"\"$(SRCROOT)\"",
					"\"$(SRCROOT)/../../Downloads/TestFlightSDK0.8.2\"",
					"\"$(SDKROOT)/usr/lib/system\"",
				);
				OTHER_LDFLAGS = "-Wl,-no_implicit_dylibs";
				PRODUCT_NAME = "$(TARGET_NAME)";
				PROVISIONING_PROFILE = "14D570E2-27AE-4D44-A273-4E35D4FAD006";
				"PROVISIONING_PROFILE[sdk=iphoneos*]" = "ECDA34B2-472E-434A-90FE-AE893D4D1A2B";
				RUN_CLANG_STATIC_ANALYZER = NO;
				WRAPPER_EXTENSION = app;
			};
			name = Debug;
		};
		50A7FB9F14C0F0A800ABADEA /* Release */ = {
			isa = XCBuildConfiguration;
			buildSettings = {
				ALTERNATE_MODE = Entitlements.plist;
				"CODE_SIGN_IDENTITY[sdk=iphoneos*]" = "iPhone Distribution: deanna shavrick";
				GCC_PRECOMPILE_PREFIX_HEADER = YES;
				GCC_PREFIX_HEADER = "Relay/Relay-Prefix.pch";
				GCC_SYMBOLS_PRIVATE_EXTERN = NO;
				INFOPLIST_FILE = "Relay/Relay-Info.plist";
				IPHONEOS_DEPLOYMENT_TARGET = 4.0;
				LIBRARY_SEARCH_PATHS = (
					"$(inherited)",
					"\"$(SRCROOT)/../../Downloads/TestFlightSDK0.8.3\"",
					"\"$(SRCROOT)\"",
					"\"$(SRCROOT)/../../Downloads/TestFlightSDK0.8.2\"",
					"\"$(SDKROOT)/usr/lib/system\"",
				);
				OTHER_LDFLAGS = "-Wl,-no_implicit_dylibs";
				PRODUCT_NAME = "$(TARGET_NAME)";
				"PROVISIONING_PROFILE[sdk=iphoneos*]" = "35DC7837-BBB0-40E7-ADC5-3A60CC72F752";
				STRIP_INSTALLED_PRODUCT = YES;
				WRAPPER_EXTENSION = app;
			};
			name = Release;
		};
/* End XCBuildConfiguration section */

/* Begin XCConfigurationList section */
		50A7FB7614C0F0A800ABADEA /* Build configuration list for PBXProject "Relay" */ = {
			isa = XCConfigurationList;
			buildConfigurations = (
				50A7FB9B14C0F0A800ABADEA /* Debug */,
				50A7FB9C14C0F0A800ABADEA /* Release */,
				5089B89115040D9F00609381 /* Release copy */,
			);
			defaultConfigurationIsVisible = 0;
			defaultConfigurationName = Release;
		};
		50A7FB9D14C0F0A800ABADEA /* Build configuration list for PBXNativeTarget "Relay" */ = {
			isa = XCConfigurationList;
			buildConfigurations = (
				50A7FB9E14C0F0A800ABADEA /* Debug */,
				50A7FB9F14C0F0A800ABADEA /* Release */,
				5089B89215040D9F00609381 /* Release copy */,
			);
			defaultConfigurationIsVisible = 0;
			defaultConfigurationName = Release;
		};
/* End XCConfigurationList section */
	};
	rootObject = 50A7FB7314C0F0A800ABADEA /* Project object */;
}
