// !$*UTF8*$!
{
	archiveVersion = 1;
	classes = {
	};
	objectVersion = 46;
	objects = {

/* Begin PBXBuildFile section */
		5088C0E014C4F89C001ADD06 /* CFNetwork.framework in Frameworks */ = {isa = PBXBuildFile; fileRef = 5088C0DF14C4F89C001ADD06 /* CFNetwork.framework */; };
		508BBF4B14CE420D00027FFC /* RCChannel.m in Sources */ = {isa = PBXBuildFile; fileRef = 508BBF4A14CE420D00027FFC /* RCChannel.m */; };
		50A7FB8114C0F0A800ABADEA /* UIKit.framework in Frameworks */ = {isa = PBXBuildFile; fileRef = 50A7FB8014C0F0A800ABADEA /* UIKit.framework */; };
		50A7FB8314C0F0A800ABADEA /* Foundation.framework in Frameworks */ = {isa = PBXBuildFile; fileRef = 50A7FB8214C0F0A800ABADEA /* Foundation.framework */; };
		50A7FB8514C0F0A800ABADEA /* CoreGraphics.framework in Frameworks */ = {isa = PBXBuildFile; fileRef = 50A7FB8414C0F0A800ABADEA /* CoreGraphics.framework */; };
		50A7FB8B14C0F0A800ABADEA /* InfoPlist.strings in Resources */ = {isa = PBXBuildFile; fileRef = 50A7FB8914C0F0A800ABADEA /* InfoPlist.strings */; };
		50A7FB8D14C0F0A800ABADEA /* main.m in Sources */ = {isa = PBXBuildFile; fileRef = 50A7FB8C14C0F0A800ABADEA /* main.m */; };
		50A7FB9114C0F0A800ABADEA /* RCAppDelegate.m in Sources */ = {isa = PBXBuildFile; fileRef = 50A7FB9014C0F0A800ABADEA /* RCAppDelegate.m */; };
		50A7FB9414C0F0A800ABADEA /* RCViewController.m in Sources */ = {isa = PBXBuildFile; fileRef = 50A7FB9314C0F0A800ABADEA /* RCViewController.m */; };
		50A7FB9714C0F0A800ABADEA /* RCViewController_iPhone.xib in Resources */ = {isa = PBXBuildFile; fileRef = 50A7FB9514C0F0A800ABADEA /* RCViewController_iPhone.xib */; };
		50A7FB9A14C0F0A800ABADEA /* RCViewController_iPad.xib in Resources */ = {isa = PBXBuildFile; fileRef = 50A7FB9814C0F0A800ABADEA /* RCViewController_iPad.xib */; };
		50A7FBA214C0F2C700ABADEA /* RCNetworkManager.m in Sources */ = {isa = PBXBuildFile; fileRef = 50A7FBA114C0F2C700ABADEA /* RCNetworkManager.m */; };
		50A7FBA514C0F2DA00ABADEA /* RCNetwork.m in Sources */ = {isa = PBXBuildFile; fileRef = 50A7FBA414C0F2DA00ABADEA /* RCNetwork.m */; };
		50A7FBA814C0F7D800ABADEA /* RCTableCell.m in Sources */ = {isa = PBXBuildFile; fileRef = 50A7FBA714C0F7D800ABADEA /* RCTableCell.m */; };
		50A7FBAD14C0FA8100ABADEA /* RCGradientView.m in Sources */ = {isa = PBXBuildFile; fileRef = 50A7FBAC14C0FA8100ABADEA /* RCGradientView.m */; };
		50A7FBB314C0FAB800ABADEA /* QuartzCore.framework in Frameworks */ = {isa = PBXBuildFile; fileRef = 50A7FBB214C0FAB700ABADEA /* QuartzCore.framework */; };
		50A7FBB614C0FCB800ABADEA /* RCTableHeaderView.m in Sources */ = {isa = PBXBuildFile; fileRef = 50A7FBB514C0FCB800ABADEA /* RCTableHeaderView.m */; };
		50A7FBB914C1025600ABADEA /* T_Shadow@2x.png in Resources */ = {isa = PBXBuildFile; fileRef = 50A7FBB714C1025600ABADEA /* T_Shadow@2x.png */; };
		50A7FBBA14C1025600ABADEA /* T_Shadow.png in Resources */ = {isa = PBXBuildFile; fileRef = 50A7FBB814C1025600ABADEA /* T_Shadow.png */; };
/* End PBXBuildFile section */

/* Begin PBXFileReference section */
		5079B93914C3F0EA007A6E2E /* Relay.h */ = {isa = PBXFileReference; fileEncoding = 4; lastKnownFileType = sourcecode.c.h; path = Relay.h; sourceTree = "<group>"; };
		5088C0DF14C4F89C001ADD06 /* CFNetwork.framework */ = {isa = PBXFileReference; lastKnownFileType = wrapper.framework; name = CFNetwork.framework; path = System/Library/Frameworks/CFNetwork.framework; sourceTree = SDKROOT; };
		508BBF4914CE420D00027FFC /* RCChannel.h */ = {isa = PBXFileReference; fileEncoding = 4; lastKnownFileType = sourcecode.c.h; path = RCChannel.h; sourceTree = "<group>"; };
		508BBF4A14CE420D00027FFC /* RCChannel.m */ = {isa = PBXFileReference; fileEncoding = 4; lastKnownFileType = sourcecode.c.objc; path = RCChannel.m; sourceTree = "<group>"; };
		50A7FB7C14C0F0A800ABADEA /* Relay.app */ = {isa = PBXFileReference; explicitFileType = wrapper.application; includeInIndex = 0; path = Relay.app; sourceTree = BUILT_PRODUCTS_DIR; };
		50A7FB8014C0F0A800ABADEA /* UIKit.framework */ = {isa = PBXFileReference; lastKnownFileType = wrapper.framework; name = UIKit.framework; path = System/Library/Frameworks/UIKit.framework; sourceTree = SDKROOT; };
		50A7FB8214C0F0A800ABADEA /* Foundation.framework */ = {isa = PBXFileReference; lastKnownFileType = wrapper.framework; name = Foundation.framework; path = System/Library/Frameworks/Foundation.framework; sourceTree = SDKROOT; };
		50A7FB8414C0F0A800ABADEA /* CoreGraphics.framework */ = {isa = PBXFileReference; lastKnownFileType = wrapper.framework; name = CoreGraphics.framework; path = System/Library/Frameworks/CoreGraphics.framework; sourceTree = SDKROOT; };
		50A7FB8814C0F0A800ABADEA /* Relay-Info.plist */ = {isa = PBXFileReference; lastKnownFileType = text.plist.xml; path = "Relay-Info.plist"; sourceTree = "<group>"; };
		50A7FB8A14C0F0A800ABADEA /* en */ = {isa = PBXFileReference; lastKnownFileType = text.plist.strings; name = en; path = en.lproj/InfoPlist.strings; sourceTree = "<group>"; };
		50A7FB8C14C0F0A800ABADEA /* main.m */ = {isa = PBXFileReference; lastKnownFileType = sourcecode.c.objc; path = main.m; sourceTree = "<group>"; };
		50A7FB8E14C0F0A800ABADEA /* Relay-Prefix.pch */ = {isa = PBXFileReference; lastKnownFileType = sourcecode.c.h; path = "Relay-Prefix.pch"; sourceTree = "<group>"; };
		50A7FB8F14C0F0A800ABADEA /* RCAppDelegate.h */ = {isa = PBXFileReference; lastKnownFileType = sourcecode.c.h; path = RCAppDelegate.h; sourceTree = "<group>"; };
		50A7FB9014C0F0A800ABADEA /* RCAppDelegate.m */ = {isa = PBXFileReference; lastKnownFileType = sourcecode.c.objc; path = RCAppDelegate.m; sourceTree = "<group>"; };
		50A7FB9214C0F0A800ABADEA /* RCViewController.h */ = {isa = PBXFileReference; lastKnownFileType = sourcecode.c.h; path = RCViewController.h; sourceTree = "<group>"; };
		50A7FB9314C0F0A800ABADEA /* RCViewController.m */ = {isa = PBXFileReference; lastKnownFileType = sourcecode.c.objc; path = RCViewController.m; sourceTree = "<group>"; };
		50A7FB9614C0F0A800ABADEA /* en */ = {isa = PBXFileReference; lastKnownFileType = file.xib; name = en; path = en.lproj/RCViewController_iPhone.xib; sourceTree = "<group>"; };
		50A7FB9914C0F0A800ABADEA /* en */ = {isa = PBXFileReference; lastKnownFileType = file.xib; name = en; path = en.lproj/RCViewController_iPad.xib; sourceTree = "<group>"; };
		50A7FBA014C0F2C700ABADEA /* RCNetworkManager.h */ = {isa = PBXFileReference; fileEncoding = 4; lastKnownFileType = sourcecode.c.h; path = RCNetworkManager.h; sourceTree = "<group>"; };
		50A7FBA114C0F2C700ABADEA /* RCNetworkManager.m */ = {isa = PBXFileReference; fileEncoding = 4; lastKnownFileType = sourcecode.c.objc; path = RCNetworkManager.m; sourceTree = "<group>"; };
		50A7FBA314C0F2DA00ABADEA /* RCNetwork.h */ = {isa = PBXFileReference; fileEncoding = 4; lastKnownFileType = sourcecode.c.h; path = RCNetwork.h; sourceTree = "<group>"; };
		50A7FBA414C0F2DA00ABADEA /* RCNetwork.m */ = {isa = PBXFileReference; fileEncoding = 4; lastKnownFileType = sourcecode.c.objc; path = RCNetwork.m; sourceTree = "<group>"; };
		50A7FBA614C0F7D800ABADEA /* RCTableCell.h */ = {isa = PBXFileReference; fileEncoding = 4; lastKnownFileType = sourcecode.c.h; path = RCTableCell.h; sourceTree = "<group>"; };
		50A7FBA714C0F7D800ABADEA /* RCTableCell.m */ = {isa = PBXFileReference; fileEncoding = 4; lastKnownFileType = sourcecode.c.objc; path = RCTableCell.m; sourceTree = "<group>"; };
		50A7FBAB14C0FA8100ABADEA /* RCGradientView.h */ = {isa = PBXFileReference; fileEncoding = 4; lastKnownFileType = sourcecode.c.h; path = RCGradientView.h; sourceTree = "<group>"; };
		50A7FBAC14C0FA8100ABADEA /* RCGradientView.m */ = {isa = PBXFileReference; fileEncoding = 4; lastKnownFileType = sourcecode.c.objc; path = RCGradientView.m; sourceTree = "<group>"; };
		50A7FBB214C0FAB700ABADEA /* QuartzCore.framework */ = {isa = PBXFileReference; lastKnownFileType = wrapper.framework; name = QuartzCore.framework; path = System/Library/Frameworks/QuartzCore.framework; sourceTree = SDKROOT; };
		50A7FBB414C0FCB800ABADEA /* RCTableHeaderView.h */ = {isa = PBXFileReference; fileEncoding = 4; lastKnownFileType = sourcecode.c.h; path = RCTableHeaderView.h; sourceTree = "<group>"; };
		50A7FBB514C0FCB800ABADEA /* RCTableHeaderView.m */ = {isa = PBXFileReference; fileEncoding = 4; lastKnownFileType = sourcecode.c.objc; path = RCTableHeaderView.m; sourceTree = "<group>"; };
		50A7FBB714C1025600ABADEA /* T_Shadow@2x.png */ = {isa = PBXFileReference; lastKnownFileType = image.png; name = "T_Shadow@2x.png"; path = "../../Tweaks/Gadgix/Gadgix/T_Shadow@2x.png"; sourceTree = "<group>"; };
		50A7FBB814C1025600ABADEA /* T_Shadow.png */ = {isa = PBXFileReference; lastKnownFileType = image.png; name = T_Shadow.png; path = ../../Tweaks/Gadgix/Gadgix/T_Shadow.png; sourceTree = "<group>"; };
/* End PBXFileReference section */

/* Begin PBXFrameworksBuildPhase section */
		50A7FB7914C0F0A800ABADEA /* Frameworks */ = {
			isa = PBXFrameworksBuildPhase;
			buildActionMask = 2147483647;
			files = (
				5088C0E014C4F89C001ADD06 /* CFNetwork.framework in Frameworks */,
				50A7FBB314C0FAB800ABADEA /* QuartzCore.framework in Frameworks */,
				50A7FB8114C0F0A800ABADEA /* UIKit.framework in Frameworks */,
				50A7FB8314C0F0A800ABADEA /* Foundation.framework in Frameworks */,
				50A7FB8514C0F0A800ABADEA /* CoreGraphics.framework in Frameworks */,
			);
			runOnlyForDeploymentPostprocessing = 0;
		};
/* End PBXFrameworksBuildPhase section */

/* Begin PBXGroup section */
		50A7FB7114C0F0A800ABADEA = {
			isa = PBXGroup;
			children = (
				50A7FB8614C0F0A800ABADEA /* Relay */,
				50A7FB7F14C0F0A800ABADEA /* Frameworks */,
				50A7FB7D14C0F0A800ABADEA /* Products */,
			);
			sourceTree = "<group>";
		};
		50A7FB7D14C0F0A800ABADEA /* Products */ = {
			isa = PBXGroup;
			children = (
				50A7FB7C14C0F0A800ABADEA /* Relay.app */,
			);
			name = Products;
			sourceTree = "<group>";
		};
		50A7FB7F14C0F0A800ABADEA /* Frameworks */ = {
			isa = PBXGroup;
			children = (
				5088C0DF14C4F89C001ADD06 /* CFNetwork.framework */,
				50A7FBB214C0FAB700ABADEA /* QuartzCore.framework */,
				50A7FB8014C0F0A800ABADEA /* UIKit.framework */,
				50A7FB8214C0F0A800ABADEA /* Foundation.framework */,
				50A7FB8414C0F0A800ABADEA /* CoreGraphics.framework */,
			);
			name = Frameworks;
			sourceTree = "<group>";
		};
		50A7FB8614C0F0A800ABADEA /* Relay */ = {
			isa = PBXGroup;
			children = (
				5079B93914C3F0EA007A6E2E /* Relay.h */,
				50A7FBA914C0F7DC00ABADEA /* UI */,
				50A7FBAA14C0F7E200ABADEA /* Backend */,
				50A7FB8714C0F0A800ABADEA /* Supporting Files */,
			);
			path = Relay;
			sourceTree = "<group>";
		};
		50A7FB8714C0F0A800ABADEA /* Supporting Files */ = {
			isa = PBXGroup;
			children = (
				50A7FBB714C1025600ABADEA /* T_Shadow@2x.png */,
				50A7FBB814C1025600ABADEA /* T_Shadow.png */,
				50A7FB9514C0F0A800ABADEA /* RCViewController_iPhone.xib */,
				50A7FB9814C0F0A800ABADEA /* RCViewController_iPad.xib */,
				50A7FB8814C0F0A800ABADEA /* Relay-Info.plist */,
				50A7FB8914C0F0A800ABADEA /* InfoPlist.strings */,
				50A7FB8C14C0F0A800ABADEA /* main.m */,
				50A7FB8E14C0F0A800ABADEA /* Relay-Prefix.pch */,
			);
			name = "Supporting Files";
			sourceTree = "<group>";
		};
		50A7FBA914C0F7DC00ABADEA /* UI */ = {
			isa = PBXGroup;
			children = (
				50A7FBAB14C0FA8100ABADEA /* RCGradientView.h */,
				50A7FBAC14C0FA8100ABADEA /* RCGradientView.m */,
				50A7FBA614C0F7D800ABADEA /* RCTableCell.h */,
				50A7FBA714C0F7D800ABADEA /* RCTableCell.m */,
				50A7FB9214C0F0A800ABADEA /* RCViewController.h */,
				50A7FB9314C0F0A800ABADEA /* RCViewController.m */,
				50A7FBB414C0FCB800ABADEA /* RCTableHeaderView.h */,
				50A7FBB514C0FCB800ABADEA /* RCTableHeaderView.m */,
			);
			name = UI;
			sourceTree = "<group>";
		};
		50A7FBAA14C0F7E200ABADEA /* Backend */ = {
			isa = PBXGroup;
			children = (
				50A7FB8F14C0F0A800ABADEA /* RCAppDelegate.h */,
				50A7FB9014C0F0A800ABADEA /* RCAppDelegate.m */,
				50A7FBA014C0F2C700ABADEA /* RCNetworkManager.h */,
				50A7FBA114C0F2C700ABADEA /* RCNetworkManager.m */,
				50A7FBA314C0F2DA00ABADEA /* RCNetwork.h */,
				50A7FBA414C0F2DA00ABADEA /* RCNetwork.m */,
				508BBF4914CE420D00027FFC /* RCChannel.h */,
				508BBF4A14CE420D00027FFC /* RCChannel.m */,
			);
			name = Backend;
			sourceTree = "<group>";
		};
/* End PBXGroup section */

/* Begin PBXNativeTarget section */
		50A7FB7B14C0F0A800ABADEA /* Relay */ = {
			isa = PBXNativeTarget;
			buildConfigurationList = 50A7FB9D14C0F0A800ABADEA /* Build configuration list for PBXNativeTarget "Relay" */;
			buildPhases = (
				50A7FB7814C0F0A800ABADEA /* Sources */,
				50A7FB7914C0F0A800ABADEA /* Frameworks */,
				50A7FB7A14C0F0A800ABADEA /* Resources */,
			);
			buildRules = (
			);
			dependencies = (
			);
			name = Relay;
			productName = Relay;
			productReference = 50A7FB7C14C0F0A800ABADEA /* Relay.app */;
			productType = "com.apple.product-type.application";
		};
/* End PBXNativeTarget section */

/* Begin PBXProject section */
		50A7FB7314C0F0A800ABADEA /* Project object */ = {
			isa = PBXProject;
			attributes = {
				LastUpgradeCheck = 0420;
				ORGANIZATIONNAME = "American Heritage School";
			};
			buildConfigurationList = 50A7FB7614C0F0A800ABADEA /* Build configuration list for PBXProject "Relay" */;
			compatibilityVersion = "Xcode 3.2";
			developmentRegion = English;
			hasScannedForEncodings = 0;
			knownRegions = (
				en,
			);
			mainGroup = 50A7FB7114C0F0A800ABADEA;
			productRefGroup = 50A7FB7D14C0F0A800ABADEA /* Products */;
			projectDirPath = "";
			projectRoot = "";
			targets = (
				50A7FB7B14C0F0A800ABADEA /* Relay */,
			);
		};
/* End PBXProject section */

/* Begin PBXResourcesBuildPhase section */
		50A7FB7A14C0F0A800ABADEA /* Resources */ = {
			isa = PBXResourcesBuildPhase;
			buildActionMask = 2147483647;
			files = (
				50A7FB8B14C0F0A800ABADEA /* InfoPlist.strings in Resources */,
				50A7FB9714C0F0A800ABADEA /* RCViewController_iPhone.xib in Resources */,
				50A7FB9A14C0F0A800ABADEA /* RCViewController_iPad.xib in Resources */,
				50A7FBB914C1025600ABADEA /* T_Shadow@2x.png in Resources */,
				50A7FBBA14C1025600ABADEA /* T_Shadow.png in Resources */,
			);
			runOnlyForDeploymentPostprocessing = 0;
		};
/* End PBXResourcesBuildPhase section */

/* Begin PBXSourcesBuildPhase section */
		50A7FB7814C0F0A800ABADEA /* Sources */ = {
			isa = PBXSourcesBuildPhase;
			buildActionMask = 2147483647;
			files = (
				50A7FB8D14C0F0A800ABADEA /* main.m in Sources */,
				50A7FB9114C0F0A800ABADEA /* RCAppDelegate.m in Sources */,
				50A7FB9414C0F0A800ABADEA /* RCViewController.m in Sources */,
				50A7FBA214C0F2C700ABADEA /* RCNetworkManager.m in Sources */,
				50A7FBA514C0F2DA00ABADEA /* RCNetwork.m in Sources */,
				50A7FBA814C0F7D800ABADEA /* RCTableCell.m in Sources */,
				50A7FBAD14C0FA8100ABADEA /* RCGradientView.m in Sources */,
				50A7FBB614C0FCB800ABADEA /* RCTableHeaderView.m in Sources */,
				508BBF4B14CE420D00027FFC /* RCChannel.m in Sources */,
			);
			runOnlyForDeploymentPostprocessing = 0;
		};
/* End PBXSourcesBuildPhase section */

/* Begin PBXVariantGroup section */
		50A7FB8914C0F0A800ABADEA /* InfoPlist.strings */ = {
			isa = PBXVariantGroup;
			children = (
				50A7FB8A14C0F0A800ABADEA /* en */,
			);
			name = InfoPlist.strings;
			sourceTree = "<group>";
		};
		50A7FB9514C0F0A800ABADEA /* RCViewController_iPhone.xib */ = {
			isa = PBXVariantGroup;
			children = (
				50A7FB9614C0F0A800ABADEA /* en */,
			);
			name = RCViewController_iPhone.xib;
			sourceTree = "<group>";
		};
		50A7FB9814C0F0A800ABADEA /* RCViewController_iPad.xib */ = {
			isa = PBXVariantGroup;
			children = (
				50A7FB9914C0F0A800ABADEA /* en */,
			);
			name = RCViewController_iPad.xib;
			sourceTree = "<group>";
		};
/* End PBXVariantGroup section */

/* Begin XCBuildConfiguration section */
		50A7FB9B14C0F0A800ABADEA /* Debug */ = {
			isa = XCBuildConfiguration;
			buildSettings = {
				ALWAYS_SEARCH_USER_PATHS = NO;
				ARCHS = "$(ARCHS_STANDARD_32_BIT)";
				"CODE_SIGN_IDENTITY[sdk=iphoneos*]" = "iPhone Developer";
				COPY_PHASE_STRIP = NO;
				GCC_C_LANGUAGE_STANDARD = gnu99;
				GCC_DYNAMIC_NO_PIC = NO;
				GCC_OPTIMIZATION_LEVEL = 0;
				GCC_PREPROCESSOR_DEFINITIONS = (
					"DEBUG=1",
					"$(inherited)",
				);
				GCC_SYMBOLS_PRIVATE_EXTERN = NO;
				GCC_VERSION = com.apple.compilers.llvm.clang.1_0;
				GCC_WARN_ABOUT_MISSING_PROTOTYPES = YES;
				GCC_WARN_ABOUT_RETURN_TYPE = YES;
				GCC_WARN_UNUSED_VARIABLE = YES;
				IPHONEOS_DEPLOYMENT_TARGET = 5.0;
				SDKROOT = iphoneos;
				TARGETED_DEVICE_FAMILY = "1,2";
			};
			name = Debug;
		};
		50A7FB9C14C0F0A800ABADEA /* Release */ = {
			isa = XCBuildConfiguration;
			buildSettings = {
				ALWAYS_SEARCH_USER_PATHS = NO;
				ARCHS = "$(ARCHS_STANDARD_32_BIT)";
				"CODE_SIGN_IDENTITY[sdk=iphoneos*]" = "iPhone Developer";
				COPY_PHASE_STRIP = YES;
				GCC_C_LANGUAGE_STANDARD = gnu99;
				GCC_VERSION = com.apple.compilers.llvm.clang.1_0;
				GCC_WARN_ABOUT_MISSING_PROTOTYPES = YES;
				GCC_WARN_ABOUT_RETURN_TYPE = YES;
				GCC_WARN_UNUSED_VARIABLE = YES;
				IPHONEOS_DEPLOYMENT_TARGET = 5.0;
				OTHER_CFLAGS = "-DNS_BLOCK_ASSERTIONS=1";
				SDKROOT = iphoneos;
				TARGETED_DEVICE_FAMILY = "1,2";
				VALIDATE_PRODUCT = YES;
			};
			name = Release;
		};
		50A7FB9E14C0F0A800ABADEA /* Debug */ = {
			isa = XCBuildConfiguration;
			buildSettings = {
				GCC_PRECOMPILE_PREFIX_HEADER = YES;
				GCC_PREFIX_HEADER = "Relay/Relay-Prefix.pch";
				INFOPLIST_FILE = "Relay/Relay-Info.plist";
				PRODUCT_NAME = "$(TARGET_NAME)";
				WRAPPER_EXTENSION = app;
			};
			name = Debug;
		};
		50A7FB9F14C0F0A800ABADEA /* Release */ = {
			isa = XCBuildConfiguration;
			buildSettings = {
				GCC_PRECOMPILE_PREFIX_HEADER = YES;
				GCC_PREFIX_HEADER = "Relay/Relay-Prefix.pch";
				INFOPLIST_FILE = "Relay/Relay-Info.plist";
				PRODUCT_NAME = "$(TARGET_NAME)";
				WRAPPER_EXTENSION = app;
			};
			name = Release;
		};
/* End XCBuildConfiguration section */

/* Begin XCConfigurationList section */
		50A7FB7614C0F0A800ABADEA /* Build configuration list for PBXProject "Relay" */ = {
			isa = XCConfigurationList;
			buildConfigurations = (
				50A7FB9B14C0F0A800ABADEA /* Debug */,
				50A7FB9C14C0F0A800ABADEA /* Release */,
			);
			defaultConfigurationIsVisible = 0;
			defaultConfigurationName = Release;
		};
		50A7FB9D14C0F0A800ABADEA /* Build configuration list for PBXNativeTarget "Relay" */ = {
			isa = XCConfigurationList;
			buildConfigurations = (
				50A7FB9E14C0F0A800ABADEA /* Debug */,
				50A7FB9F14C0F0A800ABADEA /* Release */,
			);
			defaultConfigurationIsVisible = 0;
			defaultConfigurationName = Release;
		};
/* End XCConfigurationList section */
	};
	rootObject = 50A7FB7314C0F0A800ABADEA /* Project object */;
}
